
Microsoft Visual Studio Solution File, Format Version 12.00
# Visual Studio 15
Project("{FAE04EC0-301F-11D3-BF4B-00C04F79EFBC}") = "UnityEngine.UI", "UnityEngine.UI.csproj", "{DC1E038B-DA3A-71E0-3456-C72F36C3830D}"
EndProject
Project("{FAE04EC0-301F-11D3-BF4B-00C04F79EFBC}") = "Unity.RenderPipelines.Core.Runtime", "Unity.RenderPipelines.Core.Runtime.csproj", "{F57E10BA-BE4B-CED4-F9DE-569C90A75260}"
EndProject
Project("{FAE04EC0-301F-11D3-BF4B-00C04F79EFBC}") = "UnityEngine.TestRunner", "UnityEngine.TestRunner.csproj", "{918E3E05-2AA2-8D69-A6DD-C192DC8ACEEF}"
EndProject
Project("{FAE04EC0-301F-11D3-BF4B-00C04F79EFBC}") = "Unity.Mathematics", "Unity.Mathematics.csproj", "{6AAEB663-F6C2-E722-0C15-29D1AD8195EB}"
EndProject
Project("{FAE04EC0-301F-11D3-BF4B-00C04F79EFBC}") = "Unity.Entities", "Unity.Entities.csproj", "{8010A19C-2362-E3FA-4B72-E81872F91DDB}"
EndProject
Project("{FAE04EC0-301F-11D3-BF4B-00C04F79EFBC}") = "Unity.Transforms.Hybrid", "Unity.Transforms.Hybrid.csproj", "{AF799525-FD34-31D4-8E8E-0322FEEBBC54}"
EndProject
Project("{FAE04EC0-301F-11D3-BF4B-00C04F79EFBC}") = "Unity.Entities.Hybrid", "Unity.Entities.Hybrid.csproj", "{C47A756C-2C16-2244-F53A-87BD1DFFB25C}"
EndProject
Project("{FAE04EC0-301F-11D3-BF4B-00C04F79EFBC}") = "Unity.RenderPipelines.Universal.Runtime", "Unity.RenderPipelines.Universal.Runtime.csproj", "{2F6738B4-C660-FA02-CBE4-A4EEB5630D37}"
EndProject
Project("{FAE04EC0-301F-11D3-BF4B-00C04F79EFBC}") = "Unity.Serialization", "Unity.Serialization.csproj", "{711459D3-70D1-721F-4075-275265748EE7}"
EndProject
Project("{FAE04EC0-301F-11D3-BF4B-00C04F79EFBC}") = "CharacterControl", "CharacterControl.csproj", "{FC81B69D-1F0A-B28F-AC06-AEACC4E33887}"
EndProject
Project("{FAE04EC0-301F-11D3-BF4B-00C04F79EFBC}") = "Unity.Burst", "Unity.Burst.csproj", "{EA55C08D-C3D1-3AF5-1B8F-8270D58AFEE6}"
EndProject
Project("{FAE04EC0-301F-11D3-BF4B-00C04F79EFBC}") = "Iaus", "Iaus.csproj", "{33D5B363-63B3-C0D9-9677-3D462EBC0709}"
EndProject
Project("{FAE04EC0-301F-11D3-BF4B-00C04F79EFBC}") = "Unity.TextMeshPro", "Unity.TextMeshPro.csproj", "{5221CCB6-1319-240F-EB70-0F27CD9EDDF4}"
EndProject
Project("{FAE04EC0-301F-11D3-BF4B-00C04F79EFBC}") = "Unity.Transforms", "Unity.Transforms.csproj", "{794335E9-0616-DB93-95C1-E7FD637F7493}"
EndProject
Project("{FAE04EC0-301F-11D3-BF4B-00C04F79EFBC}") = "Unity.ProBuilder.Poly2Tri", "Unity.ProBuilder.Poly2Tri.csproj", "{F6391BA5-25BA-EBD9-1DAD-3BC1E96A525D}"
EndProject
Project("{FAE04EC0-301F-11D3-BF4B-00C04F79EFBC}") = "Cinemachine", "Cinemachine.csproj", "{C207E3F2-9B5A-0935-9CC2-F6EBF351084A}"
EndProject
Project("{FAE04EC0-301F-11D3-BF4B-00C04F79EFBC}") = "Unity.Timeline", "Unity.Timeline.csproj", "{56368BBD-B2D2-653D-27A1-87B713688A91}"
EndProject
Project("{FAE04EC0-301F-11D3-BF4B-00C04F79EFBC}") = "Unity.Scenes", "Unity.Scenes.csproj", "{72EDDA88-5557-64FF-777D-8F773D80D340}"
EndProject
Project("{FAE04EC0-301F-11D3-BF4B-00C04F79EFBC}") = "Unity.Collections", "Unity.Collections.csproj", "{92152A78-82F3-F813-55D5-0F12A61BD78F}"
EndProject
Project("{FAE04EC0-301F-11D3-BF4B-00C04F79EFBC}") = "Unity.ProBuilder", "Unity.ProBuilder.csproj", "{988E3A39-F25F-FA14-0784-370D69088E2B}"
EndProject
Project("{FAE04EC0-301F-11D3-BF4B-00C04F79EFBC}") = "Unity.PerformanceTesting", "Unity.PerformanceTesting.csproj", "{AF9693AB-D67A-BFE1-40ED-E0DDA5F4A0B9}"
EndProject
Project("{FAE04EC0-301F-11D3-BF4B-00C04F79EFBC}") = "Unity.Physics", "Unity.Physics.csproj", "{0FE37419-27D6-A800-D020-E1D1E1B08C84}"
EndProject
Project("{FAE04EC0-301F-11D3-BF4B-00C04F79EFBC}") = "Unity.Properties.Reflection", "Unity.Properties.Reflection.csproj", "{B25C744A-2489-77E5-8149-F8018413EAA7}"
EndProject
Project("{FAE04EC0-301F-11D3-BF4B-00C04F79EFBC}") = "Unity.Properties.UI", "Unity.Properties.UI.csproj", "{6375494E-E9CB-56DA-AC5A-C2A9445B662D}"
EndProject
Project("{FAE04EC0-301F-11D3-BF4B-00C04F79EFBC}") = "Unity.Properties", "Unity.Properties.csproj", "{B061187C-358D-AC5D-EA62-5A7C3EE77104}"
EndProject
Project("{FAE04EC0-301F-11D3-BF4B-00C04F79EFBC}") = "StandardAssets", "StandardAssets.csproj", "{EFEDBF36-A0C7-5B7E-9FF5-16ED1A75F051}"
EndProject
Project("{FAE04EC0-301F-11D3-BF4B-00C04F79EFBC}") = "WeaponSystem", "WeaponSystem.csproj", "{7A7A0688-D737-B6B0-5305-A49155483304}"
EndProject
Project("{FAE04EC0-301F-11D3-BF4B-00C04F79EFBC}") = "InventorySystem", "InventorySystem.csproj", "{1E3B741E-3C7C-D61C-247D-02625E4ABD80}"
EndProject
Project("{FAE04EC0-301F-11D3-BF4B-00C04F79EFBC}") = "PlayerCharacterSystem", "PlayerCharacterSystem.csproj", "{068E9402-B5ED-EA62-4850-CCBF2655BF6B}"
EndProject
Project("{FAE04EC0-301F-11D3-BF4B-00C04F79EFBC}") = "Unity.ScriptableBuildPipeline", "Unity.ScriptableBuildPipeline.csproj", "{DF5D5D66-FD4E-3A21-749A-9E92DFB7ED9C}"
EndProject
Project("{FAE04EC0-301F-11D3-BF4B-00C04F79EFBC}") = "MovementSystem", "MovementSystem.csproj", "{6F5B5B9D-DE05-FDA9-F048-8B21206C41CB}"
EndProject
Project("{FAE04EC0-301F-11D3-BF4B-00C04F79EFBC}") = "Unity.Physics.Hybrid", "Unity.Physics.Hybrid.csproj", "{1145EA1D-5247-7E7F-A2B5-517BC0B73C84}"
EndProject
Project("{FAE04EC0-301F-11D3-BF4B-00C04F79EFBC}") = "Unity.ProGrids", "Unity.ProGrids.csproj", "{58F3E7BE-6FB8-B5D6-1456-12F2202AC362}"
EndProject
Project("{FAE04EC0-301F-11D3-BF4B-00C04F79EFBC}") = "Unity.ProBuilder.Csg", "Unity.ProBuilder.Csg.csproj", "{8D3D846D-2600-475E-FD45-BA3CF2D0B49B}"
EndProject
Project("{FAE04EC0-301F-11D3-BF4B-00C04F79EFBC}") = "Global", "Global.csproj", "{214D0349-E86C-55BE-6C00-570821970087}"
EndProject
Project("{FAE04EC0-301F-11D3-BF4B-00C04F79EFBC}") = "CombatDamage", "CombatDamage.csproj", "{B0F8FCFA-363C-229F-AC06-AF19E02656C8}"
EndProject
Project("{FAE04EC0-301F-11D3-BF4B-00C04F79EFBC}") = "Unity.Jobs", "Unity.Jobs.csproj", "{0CCB3511-CCBC-D36F-C489-BA0CA384017A}"
EndProject
Project("{FAE04EC0-301F-11D3-BF4B-00C04F79EFBC}") = "Unity.ProBuilder.KdTree", "Unity.ProBuilder.KdTree.csproj", "{1E0C57DD-CF4A-4A3C-FA99-5F259CBDF3BF}"
EndProject
Project("{FAE04EC0-301F-11D3-BF4B-00C04F79EFBC}") = "Assembly-CSharp", "Assembly-CSharp.csproj", "{770F9C33-6604-AB48-8297-91D2E3ADECC9}"
EndProject
Project("{FAE04EC0-301F-11D3-BF4B-00C04F79EFBC}") = "DOTween.Modules", "DOTween.Modules.csproj", "{4A7F9C5F-9F06-5580-C5EE-20B29D873DA3}"
EndProject
Project("{FAE04EC0-301F-11D3-BF4B-00C04F79EFBC}") = "Unity.Mathematics.Extensions", "Unity.Mathematics.Extensions.csproj", "{513B6FBB-8821-02C3-61F3-584668BEEDCA}"
EndProject
Project("{FAE04EC0-301F-11D3-BF4B-00C04F79EFBC}") = "Unity.Platforms.Common", "Unity.Platforms.Common.csproj", "{19BCE819-FA3E-E1F1-9878-13997DCB6E3A}"
EndProject
Project("{FAE04EC0-301F-11D3-BF4B-00C04F79EFBC}") = "Unity.RenderPipelines.Core.ShaderLibrary", "Unity.RenderPipelines.Core.ShaderLibrary.csproj", "{951A881C-A9EB-1804-B8F3-33C8CD5866B0}"
EndProject
Project("{FAE04EC0-301F-11D3-BF4B-00C04F79EFBC}") = "Unity.RenderPipeline.Universal.ShaderLibrary", "Unity.RenderPipeline.Universal.ShaderLibrary.csproj", "{228FB7BE-E8B6-BBA6-2061-8BC3A32AF561}"
EndProject
Project("{FAE04EC0-301F-11D3-BF4B-00C04F79EFBC}") = "GameMenus", "GameMenus.csproj", "{83DEEF90-9A4A-7395-94E1-55A8E7EE094B}"
EndProject
Project("{FAE04EC0-301F-11D3-BF4B-00C04F79EFBC}") = "Unity.Mathematics.Extensions.Hybrid", "Unity.Mathematics.Extensions.Hybrid.csproj", "{0B54BB76-5FAE-63D1-B67D-1CEE7406FA58}"
EndProject
Project("{FAE04EC0-301F-11D3-BF4B-00C04F79EFBC}") = "Unity.InternalAPIEngineBridge.012", "Unity.InternalAPIEngineBridge.012.csproj", "{4CD2F389-50D6-8D5F-738A-F86AFE9670D2}"
EndProject
Project("{FAE04EC0-301F-11D3-BF4B-00C04F79EFBC}") = "NPCAttack", "NPCAttack.csproj", "{AF6A9CB0-8D7E-0E32-204A-AA0802DB5D2D}"
EndProject
Project("{FAE04EC0-301F-11D3-BF4B-00C04F79EFBC}") = "Unity.ProBuilder.Stl", "Unity.ProBuilder.Stl.csproj", "{5FB93631-19F8-BA16-A33B-DEC72B663071}"
EndProject
Project("{FAE04EC0-301F-11D3-BF4B-00C04F79EFBC}") = "Unity.Deformations", "Unity.Deformations.csproj", "{48B93C2A-969A-7669-817B-C3A46E109B3B}"
EndProject
Project("{FAE04EC0-301F-11D3-BF4B-00C04F79EFBC}") = "Unity.RenderPipelines.Universal.Shaders", "Unity.RenderPipelines.Universal.Shaders.csproj", "{0890C94E-544B-754B-25AA-3FCD4CDB1072}"
EndProject
Project("{FAE04EC0-301F-11D3-BF4B-00C04F79EFBC}") = "Unity.RenderPipelines.ShaderGraph.ShaderGraphLibrary", "Unity.RenderPipelines.ShaderGraph.ShaderGraphLibrary.csproj", "{5A86E05E-0C37-36A4-9F0D-F103DCF82F96}"
EndProject
Project("{FAE04EC0-301F-11D3-BF4B-00C04F79EFBC}") = "CodeToBeReplace", "CodeToBeReplace.csproj", "{61D7FF65-24EF-5E9E-4A7E-DC85A2A0C38B}"
EndProject
Project("{FAE04EC0-301F-11D3-BF4B-00C04F79EFBC}") = "Unity.PlasticSCM.Editor", "Unity.PlasticSCM.Editor.csproj", "{EA5BB5E0-1DD0-9AE8-B4D2-BEC92470A060}"
EndProject
Project("{FAE04EC0-301F-11D3-BF4B-00C04F79EFBC}") = "Unity.ShaderGraph.Editor", "Unity.ShaderGraph.Editor.csproj", "{8C13E1D3-88A1-EC87-015B-F92D8FA3E081}"
EndProject
Project("{FAE04EC0-301F-11D3-BF4B-00C04F79EFBC}") = "Unity.VisualStudio.Editor", "Unity.VisualStudio.Editor.csproj", "{3FD0EE46-C27B-E797-0F4F-D06EE7C2D87F}"
EndProject
Project("{FAE04EC0-301F-11D3-BF4B-00C04F79EFBC}") = "Unity.ProBuilder.Editor", "Unity.ProBuilder.Editor.csproj", "{9378FC40-F709-E8AE-E363-CA66721489CF}"
EndProject
Project("{FAE04EC0-301F-11D3-BF4B-00C04F79EFBC}") = "com.unity.cinemachine.editor", "com.unity.cinemachine.editor.csproj", "{4AC75C88-A043-9404-4016-4D128D0CECFC}"
EndProject
Project("{FAE04EC0-301F-11D3-BF4B-00C04F79EFBC}") = "Unity.Timeline.Editor", "Unity.Timeline.Editor.csproj", "{D01E9907-5975-DA9C-168B-4CCC9B2B336A}"
EndProject
Project("{FAE04EC0-301F-11D3-BF4B-00C04F79EFBC}") = "Unity.TextMeshPro.Editor", "Unity.TextMeshPro.Editor.csproj", "{9A9D6B80-E8DD-E8D2-ED9C-363C11855B65}"
EndProject
Project("{FAE04EC0-301F-11D3-BF4B-00C04F79EFBC}") = "Unity.Build.Classic.Private", "Unity.Build.Classic.Private.csproj", "{2E3FF354-215F-E17D-EE4C-BF1E50144999}"
EndProject
Project("{FAE04EC0-301F-11D3-BF4B-00C04F79EFBC}") = "Unity.Build", "Unity.Build.csproj", "{F173DD83-435F-DD0C-D32D-5E82E4F666A5}"
EndProject
Project("{FAE04EC0-301F-11D3-BF4B-00C04F79EFBC}") = "Unity.CollabProxy.Editor", "Unity.CollabProxy.Editor.csproj", "{21C926AE-326B-D59A-4465-ADBD56B609AC}"
EndProject
Project("{FAE04EC0-301F-11D3-BF4B-00C04F79EFBC}") = "UnityEditor.TestRunner", "UnityEditor.TestRunner.csproj", "{143314FF-589F-EFE9-C7A9-D3EE4A70E24C}"
EndProject
Project("{FAE04EC0-301F-11D3-BF4B-00C04F79EFBC}") = "Unity.Build.Desktop.DotsRuntime", "Unity.Build.Desktop.DotsRuntime.csproj", "{2D7828C1-A4BB-AE48-DF1A-E1877FAFCB16}"
EndProject
Project("{FAE04EC0-301F-11D3-BF4B-00C04F79EFBC}") = "Unity.Entities.Editor", "Unity.Entities.Editor.csproj", "{2837337B-E694-5DE4-E6CB-0728D80AF435}"
EndProject
Project("{FAE04EC0-301F-11D3-BF4B-00C04F79EFBC}") = "Unity.Properties.UI.Editor", "Unity.Properties.UI.Editor.csproj", "{262A7909-F2D2-685B-D516-D6DAAD5DEDB4}"
EndProject
Project("{FAE04EC0-301F-11D3-BF4B-00C04F79EFBC}") = "Unity.Rider.Editor", "Unity.Rider.Editor.csproj", "{8EF51E64-2A21-6D50-BD0F-82DC4F6AAFAB}"
EndProject
Project("{FAE04EC0-301F-11D3-BF4B-00C04F79EFBC}") = "Unity.ScriptableBuildPipeline.Editor", "Unity.ScriptableBuildPipeline.Editor.csproj", "{BE0C68BA-D9E3-0FC9-818F-4CEC5E3C962B}"
EndProject
Project("{FAE04EC0-301F-11D3-BF4B-00C04F79EFBC}") = "Unity.Build.Internals", "Unity.Build.Internals.csproj", "{680C3EDE-C159-4431-D685-A5B808CB7EC6}"
EndProject
Project("{FAE04EC0-301F-11D3-BF4B-00C04F79EFBC}") = "Unity.RenderPipelines.Universal.Editor", "Unity.RenderPipelines.Universal.Editor.csproj", "{B40352D6-058F-048D-08EF-52F82736C0BA}"
EndProject
Project("{FAE04EC0-301F-11D3-BF4B-00C04F79EFBC}") = "Unity.PerformanceTesting.Editor", "Unity.PerformanceTesting.Editor.csproj", "{AD743B97-4B5D-C6ED-95A2-9B299070A84F}"
EndProject
Project("{FAE04EC0-301F-11D3-BF4B-00C04F79EFBC}") = "Unity.Services.Core.Editor", "Unity.Services.Core.Editor.csproj", "{C8FCFA9D-E032-6039-7E23-E0F4D16E6A74}"
EndProject
Project("{FAE04EC0-301F-11D3-BF4B-00C04F79EFBC}") = "Unity.Build.Editor", "Unity.Build.Editor.csproj", "{1B9190DF-7A1D-10EC-7CE7-60AA0AC1C8AB}"
EndProject
Project("{FAE04EC0-301F-11D3-BF4B-00C04F79EFBC}") = "Unity.Scenes.Editor", "Unity.Scenes.Editor.csproj", "{E86EDB73-6805-FC60-A667-E59DC8ADFA97}"
EndProject
Project("{FAE04EC0-301F-11D3-BF4B-00C04F79EFBC}") = "Unity.ProGrids.Editor", "Unity.ProGrids.Editor.csproj", "{E5500FF2-7D12-AEE5-6ED4-3DD58D07570D}"
EndProject
Project("{FAE04EC0-301F-11D3-BF4B-00C04F79EFBC}") = "Unity.Entities.Hybrid.CodeGen", "Unity.Entities.Hybrid.CodeGen.csproj", "{7C92CD69-E8E4-E0CA-FFC6-A3D86F8BDCFA}"
EndProject
Project("{FAE04EC0-301F-11D3-BF4B-00C04F79EFBC}") = "Unity.RenderPipelines.Core.Editor", "Unity.RenderPipelines.Core.Editor.csproj", "{FA6322DB-1677-81BB-D474-873BD4A89DB0}"
EndProject
Project("{FAE04EC0-301F-11D3-BF4B-00C04F79EFBC}") = "Unity.Build.Linux.Classic", "Unity.Build.Linux.Classic.csproj", "{8F81AE2D-3FC9-C08C-2F29-1714060568B8}"
EndProject
Project("{FAE04EC0-301F-11D3-BF4B-00C04F79EFBC}") = "Unity.Entities.CodeGen", "Unity.Entities.CodeGen.csproj", "{6E1C87E7-642D-ACDF-B7E4-221086FD9951}"
EndProject
Project("{FAE04EC0-301F-11D3-BF4B-00C04F79EFBC}") = "Unity.Build.Linux.DotsRuntime", "Unity.Build.Linux.DotsRuntime.csproj", "{093211DB-AB7A-41C1-52E5-90DAAC56C5D5}"
EndProject
Project("{FAE04EC0-301F-11D3-BF4B-00C04F79EFBC}") = "Unity.Searcher.Editor", "Unity.Searcher.Editor.csproj", "{65DB2D5B-53A5-5672-F6D8-C0629BFD7D25}"
EndProject
Project("{FAE04EC0-301F-11D3-BF4B-00C04F79EFBC}") = "Unity.Burst.Editor", "Unity.Burst.Editor.csproj", "{16606CB0-1809-0BD1-339C-C835DD242C03}"
EndProject
Project("{FAE04EC0-301F-11D3-BF4B-00C04F79EFBC}") = "Unity.SysrootPackage.Editor", "Unity.SysrootPackage.Editor.csproj", "{7CE6A3C7-044C-E114-1B35-2BE35E7901BD}"
EndProject
Project("{FAE04EC0-301F-11D3-BF4B-00C04F79EFBC}") = "Unity.Burst.CodeGen", "Unity.Burst.CodeGen.csproj", "{023F83A2-AA92-8CA4-A86A-F8823346E8B6}"
EndProject
Project("{FAE04EC0-301F-11D3-BF4B-00C04F79EFBC}") = "Unity.VSCode.Editor", "Unity.VSCode.Editor.csproj", "{6611DBCC-5121-AABD-BDC6-B8F211DF8687}"
EndProject
Project("{FAE04EC0-301F-11D3-BF4B-00C04F79EFBC}") = "Unity.Toolchain.Win-x86_64-Linux-x86_64", "Unity.Toolchain.Win-x86_64-Linux-x86_64.csproj", "{82F81DC2-8328-1D33-D5DC-7D852879DB7C}"
EndProject
Project("{FAE04EC0-301F-11D3-BF4B-00C04F79EFBC}") = "Unity.Build.Classic", "Unity.Build.Classic.csproj", "{BF476117-7EEC-5EB4-EF4A-538136E7F606}"
EndProject
Project("{FAE04EC0-301F-11D3-BF4B-00C04F79EFBC}") = "Unity.ProBuilder.AssetIdRemapUtility", "Unity.ProBuilder.AssetIdRemapUtility.csproj", "{B3111342-5A92-E0B0-8A22-44A2BE5DDC81}"
EndProject
Project("{FAE04EC0-301F-11D3-BF4B-00C04F79EFBC}") = "Unity.Properties.CodeGen", "Unity.Properties.CodeGen.csproj", "{8A5E683E-CBC1-88D1-D34A-2F033CEF2920}"
EndProject
Project("{FAE04EC0-301F-11D3-BF4B-00C04F79EFBC}") = "UnityEditor.UI", "UnityEditor.UI.csproj", "{D3F4A397-AEAE-A8F0-00E8-3C03F0C58CB6}"
EndProject
Project("{FAE04EC0-301F-11D3-BF4B-00C04F79EFBC}") = "Unity.Settings.Editor", "Unity.Settings.Editor.csproj", "{0AFBA8DD-810B-D6E7-05C4-89167675C0A7}"
EndProject
Project("{FAE04EC0-301F-11D3-BF4B-00C04F79EFBC}") = "Unity.Build.Windows.Classic", "Unity.Build.Windows.Classic.csproj", "{AEF9DFD7-6FD7-AAF4-5830-980647130142}"
EndProject
Project("{FAE04EC0-301F-11D3-BF4B-00C04F79EFBC}") = "Unity.Physics.Editor", "Unity.Physics.Editor.csproj", "{D015A703-DB4E-34F1-CDE6-BD9F37B887AB}"
EndProject
Project("{FAE04EC0-301F-11D3-BF4B-00C04F79EFBC}") = "Unity.Build.DotsRuntime", "Unity.Build.DotsRuntime.csproj", "{474B7189-A0DD-9D10-1081-615E17DE1B11}"
EndProject
Project("{FAE04EC0-301F-11D3-BF4B-00C04F79EFBC}") = "Unity.InternalAPIEditorBridge.012", "Unity.InternalAPIEditorBridge.012.csproj", "{BA98A848-5F1A-0B8A-8A92-6093952C652F}"
EndProject
Project("{FAE04EC0-301F-11D3-BF4B-00C04F79EFBC}") = "Unity.Mathematics.Editor", "Unity.Mathematics.Editor.csproj", "{866A23D0-4465-6026-B461-90FD6E4B184E}"
EndProject
Project("{FAE04EC0-301F-11D3-BF4B-00C04F79EFBC}") = "UnityEditor.CacheServer", "UnityEditor.CacheServer.csproj", "{054A58A5-F0DC-9009-20E5-ED153D67B88F}"
EndProject
Project("{FAE04EC0-301F-11D3-BF4B-00C04F79EFBC}") = "Unity.Entities.CodeGen.Tests.TestTypes", "Unity.Entities.CodeGen.Tests.TestTypes.csproj", "{E04F0358-23CD-9179-6D97-CCE52B7EBB40}"
EndProject
Project("{FAE04EC0-301F-11D3-BF4B-00C04F79EFBC}") = "Unity.Properties.Editor", "Unity.Properties.Editor.csproj", "{41CAD031-60EF-3960-6B0B-6005540F879F}"
EndProject
Project("{FAE04EC0-301F-11D3-BF4B-00C04F79EFBC}") = "Unity.Jobs.Editor", "Unity.Jobs.Editor.csproj", "{654C4E8A-4952-A2B8-F72C-A4F2BDBD2488}"
EndProject
Project("{FAE04EC0-301F-11D3-BF4B-00C04F79EFBC}") = "Unity.Entities.BuildUtils", "Unity.Entities.BuildUtils.csproj", "{A2C67A1E-AEF0-F731-F474-EF2248FBEE11}"
EndProject
Project("{FAE04EC0-301F-11D3-BF4B-00C04F79EFBC}") = "Unity.ShaderGraph.Utilities", "Unity.ShaderGraph.Utilities.csproj", "{E865D137-83B3-0851-A2A6-3637AF2AB108}"
EndProject
Project("{FAE04EC0-301F-11D3-BF4B-00C04F79EFBC}") = "Unity.Build.Windows.DotsRuntime", "Unity.Build.Windows.DotsRuntime.csproj", "{21E86132-544C-6E67-8704-E8CA8C828F36}"
EndProject
Project("{FAE04EC0-301F-11D3-BF4B-00C04F79EFBC}") = "Unity.Sysroot.Linux_x86_64", "Unity.Sysroot.Linux_x86_64.csproj", "{3F6E3DD7-897D-7675-15AB-CBD0D92B0A9E}"
EndProject
Project("{FAE04EC0-301F-11D3-BF4B-00C04F79EFBC}") = "Unity.Collections.BurstCompatibilityGen", "Unity.Collections.BurstCompatibilityGen.csproj", "{6320FCC8-CB32-9420-4016-624FE475E586}"
EndProject
Project("{FAE04EC0-301F-11D3-BF4B-00C04F79EFBC}") = "Unity.Build.Playmode.TestRunner", "Unity.Build.Playmode.TestRunner.csproj", "{920A6F78-F9D3-C649-391C-B3F4FA26D700}"
EndProject
Project("{FAE04EC0-301F-11D3-BF4B-00C04F79EFBC}") = "Unity.ProBuilder.AddOns.Editor", "Unity.ProBuilder.AddOns.Editor.csproj", "{40C1A244-517A-65ED-772A-E28231FD84DF}"
EndProject
Project("{FAE04EC0-301F-11D3-BF4B-00C04F79EFBC}") = "Unity.Serialization.Editor", "Unity.Serialization.Editor.csproj", "{6934DD68-563B-0828-CB44-57556E8587B9}"
EndProject
Project("{FAE04EC0-301F-11D3-BF4B-00C04F79EFBC}") = "Unity.Entities.Hybrid.EndToEnd.Tests", "Unity.Entities.Hybrid.EndToEnd.Tests.csproj", "{578CD224-97ED-6691-B426-B96331F560AF}"
EndProject
Project("{FAE04EC0-301F-11D3-BF4B-00C04F79EFBC}") = "Unity.Core.Editor", "Unity.Core.Editor.csproj", "{EB358D54-10AC-DB0F-7BE6-BEA44064D707}"
EndProject
Project("{FAE04EC0-301F-11D3-BF4B-00C04F79EFBC}") = "UnityEngine.UI", "UnityEngine.UI.Player.csproj", "{4DB91BEE-4EB1-7E67-8152-EA77CA891C95}"
EndProject
Project("{FAE04EC0-301F-11D3-BF4B-00C04F79EFBC}") = "Unity.RenderPipelines.Core.Runtime", "Unity.RenderPipelines.Core.Runtime.Player.csproj", "{897ECE43-19E5-DBA8-1502-EB24F8099C0E}"
EndProject
Project("{FAE04EC0-301F-11D3-BF4B-00C04F79EFBC}") = "UnityEngine.TestRunner", "UnityEngine.TestRunner.Player.csproj", "{EBFE71E5-D5C5-1933-F422-413C0633C1CD}"
EndProject
Project("{FAE04EC0-301F-11D3-BF4B-00C04F79EFBC}") = "Unity.Mathematics", "Unity.Mathematics.Player.csproj", "{396DEBB1-7C96-51B7-F71E-F6FFA208396A}"
EndProject
Project("{FAE04EC0-301F-11D3-BF4B-00C04F79EFBC}") = "Unity.Entities", "Unity.Entities.Player.csproj", "{A5FEEA4F-C926-9AD6-087C-63AAFAE70BDF}"
EndProject
Project("{FAE04EC0-301F-11D3-BF4B-00C04F79EFBC}") = "Unity.Transforms.Hybrid", "Unity.Transforms.Hybrid.Player.csproj", "{D612BA23-AF4F-323C-AC68-47B6E6DC38C5}"
EndProject
Project("{FAE04EC0-301F-11D3-BF4B-00C04F79EFBC}") = "Unity.Entities.Hybrid", "Unity.Entities.Hybrid.Player.csproj", "{1293C83F-C72F-3118-F382-72F07927824C}"
EndProject
Project("{FAE04EC0-301F-11D3-BF4B-00C04F79EFBC}") = "Unity.RenderPipelines.Universal.Runtime", "Unity.RenderPipelines.Universal.Runtime.Player.csproj", "{A986254E-2B01-1003-D1A6-38F172D6AC30}"
EndProject
Project("{FAE04EC0-301F-11D3-BF4B-00C04F79EFBC}") = "Unity.Serialization", "Unity.Serialization.Player.csproj", "{4F8F8115-D681-554F-0BA5-31E4BBBFC9A1}"
EndProject
Project("{FAE04EC0-301F-11D3-BF4B-00C04F79EFBC}") = "CharacterControl", "CharacterControl.Player.csproj", "{D04CE9B3-FD48-7EB4-7A45-7CC53FF6E7E1}"
EndProject
Project("{FAE04EC0-301F-11D3-BF4B-00C04F79EFBC}") = "Unity.Burst", "Unity.Burst.Player.csproj", "{82D5C53D-8630-A4F5-D40F-1B266DF947C1}"
EndProject
Project("{FAE04EC0-301F-11D3-BF4B-00C04F79EFBC}") = "Iaus", "Iaus.Player.csproj", "{3147C0F7-24C0-7373-5C70-E00BA5F3B8AD}"
EndProject
Project("{FAE04EC0-301F-11D3-BF4B-00C04F79EFBC}") = "Unity.TextMeshPro", "Unity.TextMeshPro.Player.csproj", "{A0ED3D6A-9B2C-98BD-6C6B-FF27CC35B5C3}"
EndProject
Project("{FAE04EC0-301F-11D3-BF4B-00C04F79EFBC}") = "Unity.Transforms", "Unity.Transforms.Player.csproj", "{38C467C3-73F9-9A24-B382-31626F2A1D70}"
EndProject
Project("{FAE04EC0-301F-11D3-BF4B-00C04F79EFBC}") = "Unity.ProBuilder.Poly2Tri", "Unity.ProBuilder.Poly2Tri.Player.csproj", "{694C4B14-08C0-F3C6-1FBF-3A38C22D92BE}"
EndProject
Project("{FAE04EC0-301F-11D3-BF4B-00C04F79EFBC}") = "Cinemachine", "Cinemachine.Player.csproj", "{A3BA0D85-9197-DF91-6349-D7F978C4CBA7}"
EndProject
Project("{FAE04EC0-301F-11D3-BF4B-00C04F79EFBC}") = "Unity.Timeline", "Unity.Timeline.Player.csproj", "{1FF2D23F-8A85-FCFA-BB15-B0C34830E57A}"
EndProject
Project("{FAE04EC0-301F-11D3-BF4B-00C04F79EFBC}") = "Unity.Scenes", "Unity.Scenes.Player.csproj", "{60E6E0F6-4E1F-DEC5-3D80-D7003D0D742E}"
EndProject
Project("{FAE04EC0-301F-11D3-BF4B-00C04F79EFBC}") = "Unity.Collections", "Unity.Collections.Player.csproj", "{FD6F35C9-8EA5-CA14-EF0E-985C5F6BE782}"
EndProject
Project("{FAE04EC0-301F-11D3-BF4B-00C04F79EFBC}") = "Unity.ProBuilder", "Unity.ProBuilder.Player.csproj", "{8A2C3D82-C597-3A07-C910-AA3750B4B2CE}"
EndProject
Project("{FAE04EC0-301F-11D3-BF4B-00C04F79EFBC}") = "Unity.PerformanceTesting", "Unity.PerformanceTesting.Player.csproj", "{FC300110-7F1D-99BA-9B2A-886BA8B1EAD3}"
EndProject
Project("{FAE04EC0-301F-11D3-BF4B-00C04F79EFBC}") = "Unity.Physics", "Unity.Physics.Player.csproj", "{1D4775A7-9AB6-4167-C2A9-E5F9DF5CB17C}"
EndProject
Project("{FAE04EC0-301F-11D3-BF4B-00C04F79EFBC}") = "Unity.Properties.Reflection", "Unity.Properties.Reflection.Player.csproj", "{9008958C-D824-BF46-6CDC-AC2E5577D51D}"
EndProject
Project("{FAE04EC0-301F-11D3-BF4B-00C04F79EFBC}") = "Unity.Properties.UI", "Unity.Properties.UI.Player.csproj", "{2A3DAE07-73F3-FF45-DD0F-F1C5C14AD764}"
EndProject
Project("{FAE04EC0-301F-11D3-BF4B-00C04F79EFBC}") = "Unity.Properties", "Unity.Properties.Player.csproj", "{10C65DAE-0B7B-100E-FD2C-352F5DD9CA38}"
EndProject
Project("{FAE04EC0-301F-11D3-BF4B-00C04F79EFBC}") = "StandardAssets", "StandardAssets.Player.csproj", "{CD8672DA-5DD9-5781-D3C1-57BE89E62758}"
EndProject
Project("{FAE04EC0-301F-11D3-BF4B-00C04F79EFBC}") = "WeaponSystem", "WeaponSystem.Player.csproj", "{BC296977-D419-4DF8-FF44-F1624487BC13}"
EndProject
Project("{FAE04EC0-301F-11D3-BF4B-00C04F79EFBC}") = "InventorySystem", "InventorySystem.Player.csproj", "{B516EC08-D435-376E-B5C3-B0A59D6390DB}"
EndProject
Project("{FAE04EC0-301F-11D3-BF4B-00C04F79EFBC}") = "PlayerCharacterSystem", "PlayerCharacterSystem.Player.csproj", "{6AF15AF7-837E-5478-9052-32EEF8EF732B}"
EndProject
Project("{FAE04EC0-301F-11D3-BF4B-00C04F79EFBC}") = "Unity.ScriptableBuildPipeline", "Unity.ScriptableBuildPipeline.Player.csproj", "{D41A79DD-66FD-C2DC-431C-0E88AA7DABFC}"
EndProject
Project("{FAE04EC0-301F-11D3-BF4B-00C04F79EFBC}") = "MovementSystem", "MovementSystem.Player.csproj", "{8E8DF77D-C493-B4E1-0CB0-8F1B9BB15414}"
EndProject
Project("{FAE04EC0-301F-11D3-BF4B-00C04F79EFBC}") = "Unity.Physics.Hybrid", "Unity.Physics.Hybrid.Player.csproj", "{3FD01A68-2608-26E9-A0A2-EFBCFD768D49}"
EndProject
Project("{FAE04EC0-301F-11D3-BF4B-00C04F79EFBC}") = "Unity.ProGrids", "Unity.ProGrids.Player.csproj", "{CE311F1E-55A3-612D-FF47-49BA0651885C}"
EndProject
Project("{FAE04EC0-301F-11D3-BF4B-00C04F79EFBC}") = "Unity.ProBuilder.Csg", "Unity.ProBuilder.Csg.Player.csproj", "{E6D5560C-099E-0A98-D011-DED8A3F4D28C}"
EndProject
Project("{FAE04EC0-301F-11D3-BF4B-00C04F79EFBC}") = "Global", "Global.Player.csproj", "{1DE1EC10-5DD8-5AFD-3512-E562899BA0A6}"
EndProject
Project("{FAE04EC0-301F-11D3-BF4B-00C04F79EFBC}") = "CombatDamage", "CombatDamage.Player.csproj", "{2E0AC1B9-EB98-49CE-352D-E1D2AFCF8EF6}"
EndProject
Project("{FAE04EC0-301F-11D3-BF4B-00C04F79EFBC}") = "Unity.Jobs", "Unity.Jobs.Player.csproj", "{BF626ADF-B27C-686D-4A09-7FFABBADBA06}"
EndProject
Project("{FAE04EC0-301F-11D3-BF4B-00C04F79EFBC}") = "Unity.ProBuilder.KdTree", "Unity.ProBuilder.KdTree.Player.csproj", "{5E064C63-F0DD-C968-C432-EEBDF7382BA2}"
EndProject
Project("{FAE04EC0-301F-11D3-BF4B-00C04F79EFBC}") = "Assembly-CSharp", "Assembly-CSharp.Player.csproj", "{D7144A17-AED4-6E13-A2BA-63C7C46CB33C}"
EndProject
Project("{FAE04EC0-301F-11D3-BF4B-00C04F79EFBC}") = "DOTween.Modules", "DOTween.Modules.Player.csproj", "{CC20725F-B181-E0FA-490D-D851D42949FF}"
EndProject
Project("{FAE04EC0-301F-11D3-BF4B-00C04F79EFBC}") = "Unity.Mathematics.Extensions", "Unity.Mathematics.Extensions.Player.csproj", "{524DF039-13A2-951B-0048-B6C2A60E6A5F}"
EndProject
Project("{FAE04EC0-301F-11D3-BF4B-00C04F79EFBC}") = "Unity.Platforms.Common", "Unity.Platforms.Common.Player.csproj", "{F502C253-B614-5B58-BA94-3919056F6500}"
EndProject
Project("{FAE04EC0-301F-11D3-BF4B-00C04F79EFBC}") = "Unity.RenderPipelines.Core.ShaderLibrary", "Unity.RenderPipelines.Core.ShaderLibrary.Player.csproj", "{D1C8F9A4-022C-F5ED-E267-9DD6F8899589}"
EndProject
Project("{FAE04EC0-301F-11D3-BF4B-00C04F79EFBC}") = "Unity.RenderPipeline.Universal.ShaderLibrary", "Unity.RenderPipeline.Universal.ShaderLibrary.Player.csproj", "{89DA2CE6-54EB-D4DA-83FC-369DAA95A4D1}"
EndProject
Project("{FAE04EC0-301F-11D3-BF4B-00C04F79EFBC}") = "GameMenus", "GameMenus.Player.csproj", "{9968499F-5486-AFD6-811A-FC0713FEEACA}"
EndProject
Project("{FAE04EC0-301F-11D3-BF4B-00C04F79EFBC}") = "Unity.Mathematics.Extensions.Hybrid", "Unity.Mathematics.Extensions.Hybrid.Player.csproj", "{7AE8BDF7-44EB-FBA7-98BE-093EA61ADA31}"
EndProject
Project("{FAE04EC0-301F-11D3-BF4B-00C04F79EFBC}") = "Unity.InternalAPIEngineBridge.012", "Unity.InternalAPIEngineBridge.012.Player.csproj", "{FB7B0B09-ABD4-2136-3752-33E61CE75055}"
EndProject
Project("{FAE04EC0-301F-11D3-BF4B-00C04F79EFBC}") = "NPCAttack", "NPCAttack.Player.csproj", "{EAC9645E-3902-7651-9860-082D48FEC417}"
EndProject
Project("{FAE04EC0-301F-11D3-BF4B-00C04F79EFBC}") = "Unity.ProBuilder.Stl", "Unity.ProBuilder.Stl.Player.csproj", "{6DABFE86-0E0F-6D9F-C3D8-867D64FAFEFD}"
EndProject
Project("{FAE04EC0-301F-11D3-BF4B-00C04F79EFBC}") = "Unity.Deformations", "Unity.Deformations.Player.csproj", "{27439814-EEA9-C43B-28A7-6F4BE1BE4470}"
EndProject
Project("{FAE04EC0-301F-11D3-BF4B-00C04F79EFBC}") = "Unity.RenderPipelines.Universal.Shaders", "Unity.RenderPipelines.Universal.Shaders.Player.csproj", "{EAE71C35-1F07-2B65-85B0-EC55D5514085}"
EndProject
Project("{FAE04EC0-301F-11D3-BF4B-00C04F79EFBC}") = "Unity.RenderPipelines.ShaderGraph.ShaderGraphLibrary", "Unity.RenderPipelines.ShaderGraph.ShaderGraphLibrary.Player.csproj", "{FCE2EC29-B722-AB0D-CA1D-A035F914E4FF}"
EndProject
Project("{FAE04EC0-301F-11D3-BF4B-00C04F79EFBC}") = "CodeToBeReplace", "CodeToBeReplace.Player.csproj", "{835D8873-B19F-C3AE-5E73-B8D3F48D8134}"
EndProject
Global
	GlobalSection(SolutionConfigurationPlatforms) = preSolution
		Debug|Any CPU = Debug|Any CPU
		Release|Any CPU = Release|Any CPU
	EndGlobalSection
	GlobalSection(ProjectConfigurationPlatforms) = postSolution
		{DC1E038B-DA3A-71E0-3456-C72F36C3830D}.Debug|Any CPU.ActiveCfg = Debug|Any CPU
		{DC1E038B-DA3A-71E0-3456-C72F36C3830D}.Debug|Any CPU.Build.0 = Debug|Any CPU
		{DC1E038B-DA3A-71E0-3456-C72F36C3830D}.Release|Any CPU.ActiveCfg = Release|Any CPU
		{DC1E038B-DA3A-71E0-3456-C72F36C3830D}.Release|Any CPU.Build.0 = Release|Any CPU
		{F57E10BA-BE4B-CED4-F9DE-569C90A75260}.Debug|Any CPU.ActiveCfg = Debug|Any CPU
		{F57E10BA-BE4B-CED4-F9DE-569C90A75260}.Debug|Any CPU.Build.0 = Debug|Any CPU
		{F57E10BA-BE4B-CED4-F9DE-569C90A75260}.Release|Any CPU.ActiveCfg = Release|Any CPU
		{F57E10BA-BE4B-CED4-F9DE-569C90A75260}.Release|Any CPU.Build.0 = Release|Any CPU
		{918E3E05-2AA2-8D69-A6DD-C192DC8ACEEF}.Debug|Any CPU.ActiveCfg = Debug|Any CPU
		{918E3E05-2AA2-8D69-A6DD-C192DC8ACEEF}.Debug|Any CPU.Build.0 = Debug|Any CPU
		{918E3E05-2AA2-8D69-A6DD-C192DC8ACEEF}.Release|Any CPU.ActiveCfg = Release|Any CPU
		{918E3E05-2AA2-8D69-A6DD-C192DC8ACEEF}.Release|Any CPU.Build.0 = Release|Any CPU
		{6AAEB663-F6C2-E722-0C15-29D1AD8195EB}.Debug|Any CPU.ActiveCfg = Debug|Any CPU
		{6AAEB663-F6C2-E722-0C15-29D1AD8195EB}.Debug|Any CPU.Build.0 = Debug|Any CPU
		{6AAEB663-F6C2-E722-0C15-29D1AD8195EB}.Release|Any CPU.ActiveCfg = Release|Any CPU
		{6AAEB663-F6C2-E722-0C15-29D1AD8195EB}.Release|Any CPU.Build.0 = Release|Any CPU
		{8010A19C-2362-E3FA-4B72-E81872F91DDB}.Debug|Any CPU.ActiveCfg = Debug|Any CPU
		{8010A19C-2362-E3FA-4B72-E81872F91DDB}.Debug|Any CPU.Build.0 = Debug|Any CPU
		{8010A19C-2362-E3FA-4B72-E81872F91DDB}.Release|Any CPU.ActiveCfg = Release|Any CPU
		{8010A19C-2362-E3FA-4B72-E81872F91DDB}.Release|Any CPU.Build.0 = Release|Any CPU
		{AF799525-FD34-31D4-8E8E-0322FEEBBC54}.Debug|Any CPU.ActiveCfg = Debug|Any CPU
		{AF799525-FD34-31D4-8E8E-0322FEEBBC54}.Debug|Any CPU.Build.0 = Debug|Any CPU
		{AF799525-FD34-31D4-8E8E-0322FEEBBC54}.Release|Any CPU.ActiveCfg = Release|Any CPU
		{AF799525-FD34-31D4-8E8E-0322FEEBBC54}.Release|Any CPU.Build.0 = Release|Any CPU
		{C47A756C-2C16-2244-F53A-87BD1DFFB25C}.Debug|Any CPU.ActiveCfg = Debug|Any CPU
		{C47A756C-2C16-2244-F53A-87BD1DFFB25C}.Debug|Any CPU.Build.0 = Debug|Any CPU
		{C47A756C-2C16-2244-F53A-87BD1DFFB25C}.Release|Any CPU.ActiveCfg = Release|Any CPU
		{C47A756C-2C16-2244-F53A-87BD1DFFB25C}.Release|Any CPU.Build.0 = Release|Any CPU
		{2F6738B4-C660-FA02-CBE4-A4EEB5630D37}.Debug|Any CPU.ActiveCfg = Debug|Any CPU
		{2F6738B4-C660-FA02-CBE4-A4EEB5630D37}.Debug|Any CPU.Build.0 = Debug|Any CPU
		{2F6738B4-C660-FA02-CBE4-A4EEB5630D37}.Release|Any CPU.ActiveCfg = Release|Any CPU
		{2F6738B4-C660-FA02-CBE4-A4EEB5630D37}.Release|Any CPU.Build.0 = Release|Any CPU
		{711459D3-70D1-721F-4075-275265748EE7}.Debug|Any CPU.ActiveCfg = Debug|Any CPU
		{711459D3-70D1-721F-4075-275265748EE7}.Debug|Any CPU.Build.0 = Debug|Any CPU
		{711459D3-70D1-721F-4075-275265748EE7}.Release|Any CPU.ActiveCfg = Release|Any CPU
		{711459D3-70D1-721F-4075-275265748EE7}.Release|Any CPU.Build.0 = Release|Any CPU
		{FC81B69D-1F0A-B28F-AC06-AEACC4E33887}.Debug|Any CPU.ActiveCfg = Debug|Any CPU
		{FC81B69D-1F0A-B28F-AC06-AEACC4E33887}.Debug|Any CPU.Build.0 = Debug|Any CPU
		{FC81B69D-1F0A-B28F-AC06-AEACC4E33887}.Release|Any CPU.ActiveCfg = Release|Any CPU
		{FC81B69D-1F0A-B28F-AC06-AEACC4E33887}.Release|Any CPU.Build.0 = Release|Any CPU
		{EA55C08D-C3D1-3AF5-1B8F-8270D58AFEE6}.Debug|Any CPU.ActiveCfg = Debug|Any CPU
		{EA55C08D-C3D1-3AF5-1B8F-8270D58AFEE6}.Debug|Any CPU.Build.0 = Debug|Any CPU
		{EA55C08D-C3D1-3AF5-1B8F-8270D58AFEE6}.Release|Any CPU.ActiveCfg = Release|Any CPU
		{EA55C08D-C3D1-3AF5-1B8F-8270D58AFEE6}.Release|Any CPU.Build.0 = Release|Any CPU
		{33D5B363-63B3-C0D9-9677-3D462EBC0709}.Debug|Any CPU.ActiveCfg = Debug|Any CPU
		{33D5B363-63B3-C0D9-9677-3D462EBC0709}.Debug|Any CPU.Build.0 = Debug|Any CPU
		{33D5B363-63B3-C0D9-9677-3D462EBC0709}.Release|Any CPU.ActiveCfg = Release|Any CPU
		{33D5B363-63B3-C0D9-9677-3D462EBC0709}.Release|Any CPU.Build.0 = Release|Any CPU
		{5221CCB6-1319-240F-EB70-0F27CD9EDDF4}.Debug|Any CPU.ActiveCfg = Debug|Any CPU
		{5221CCB6-1319-240F-EB70-0F27CD9EDDF4}.Debug|Any CPU.Build.0 = Debug|Any CPU
		{5221CCB6-1319-240F-EB70-0F27CD9EDDF4}.Release|Any CPU.ActiveCfg = Release|Any CPU
		{5221CCB6-1319-240F-EB70-0F27CD9EDDF4}.Release|Any CPU.Build.0 = Release|Any CPU
		{794335E9-0616-DB93-95C1-E7FD637F7493}.Debug|Any CPU.ActiveCfg = Debug|Any CPU
		{794335E9-0616-DB93-95C1-E7FD637F7493}.Debug|Any CPU.Build.0 = Debug|Any CPU
		{794335E9-0616-DB93-95C1-E7FD637F7493}.Release|Any CPU.ActiveCfg = Release|Any CPU
		{794335E9-0616-DB93-95C1-E7FD637F7493}.Release|Any CPU.Build.0 = Release|Any CPU
		{F6391BA5-25BA-EBD9-1DAD-3BC1E96A525D}.Debug|Any CPU.ActiveCfg = Debug|Any CPU
		{F6391BA5-25BA-EBD9-1DAD-3BC1E96A525D}.Debug|Any CPU.Build.0 = Debug|Any CPU
		{F6391BA5-25BA-EBD9-1DAD-3BC1E96A525D}.Release|Any CPU.ActiveCfg = Release|Any CPU
		{F6391BA5-25BA-EBD9-1DAD-3BC1E96A525D}.Release|Any CPU.Build.0 = Release|Any CPU
		{C207E3F2-9B5A-0935-9CC2-F6EBF351084A}.Debug|Any CPU.ActiveCfg = Debug|Any CPU
		{C207E3F2-9B5A-0935-9CC2-F6EBF351084A}.Debug|Any CPU.Build.0 = Debug|Any CPU
		{C207E3F2-9B5A-0935-9CC2-F6EBF351084A}.Release|Any CPU.ActiveCfg = Release|Any CPU
		{C207E3F2-9B5A-0935-9CC2-F6EBF351084A}.Release|Any CPU.Build.0 = Release|Any CPU
		{56368BBD-B2D2-653D-27A1-87B713688A91}.Debug|Any CPU.ActiveCfg = Debug|Any CPU
		{56368BBD-B2D2-653D-27A1-87B713688A91}.Debug|Any CPU.Build.0 = Debug|Any CPU
		{56368BBD-B2D2-653D-27A1-87B713688A91}.Release|Any CPU.ActiveCfg = Release|Any CPU
		{56368BBD-B2D2-653D-27A1-87B713688A91}.Release|Any CPU.Build.0 = Release|Any CPU
		{72EDDA88-5557-64FF-777D-8F773D80D340}.Debug|Any CPU.ActiveCfg = Debug|Any CPU
		{72EDDA88-5557-64FF-777D-8F773D80D340}.Debug|Any CPU.Build.0 = Debug|Any CPU
		{72EDDA88-5557-64FF-777D-8F773D80D340}.Release|Any CPU.ActiveCfg = Release|Any CPU
		{72EDDA88-5557-64FF-777D-8F773D80D340}.Release|Any CPU.Build.0 = Release|Any CPU
		{92152A78-82F3-F813-55D5-0F12A61BD78F}.Debug|Any CPU.ActiveCfg = Debug|Any CPU
		{92152A78-82F3-F813-55D5-0F12A61BD78F}.Debug|Any CPU.Build.0 = Debug|Any CPU
		{92152A78-82F3-F813-55D5-0F12A61BD78F}.Release|Any CPU.ActiveCfg = Release|Any CPU
		{92152A78-82F3-F813-55D5-0F12A61BD78F}.Release|Any CPU.Build.0 = Release|Any CPU
		{988E3A39-F25F-FA14-0784-370D69088E2B}.Debug|Any CPU.ActiveCfg = Debug|Any CPU
		{988E3A39-F25F-FA14-0784-370D69088E2B}.Debug|Any CPU.Build.0 = Debug|Any CPU
		{988E3A39-F25F-FA14-0784-370D69088E2B}.Release|Any CPU.ActiveCfg = Release|Any CPU
		{988E3A39-F25F-FA14-0784-370D69088E2B}.Release|Any CPU.Build.0 = Release|Any CPU
		{AF9693AB-D67A-BFE1-40ED-E0DDA5F4A0B9}.Debug|Any CPU.ActiveCfg = Debug|Any CPU
		{AF9693AB-D67A-BFE1-40ED-E0DDA5F4A0B9}.Debug|Any CPU.Build.0 = Debug|Any CPU
		{AF9693AB-D67A-BFE1-40ED-E0DDA5F4A0B9}.Release|Any CPU.ActiveCfg = Release|Any CPU
		{AF9693AB-D67A-BFE1-40ED-E0DDA5F4A0B9}.Release|Any CPU.Build.0 = Release|Any CPU
		{0FE37419-27D6-A800-D020-E1D1E1B08C84}.Debug|Any CPU.ActiveCfg = Debug|Any CPU
		{0FE37419-27D6-A800-D020-E1D1E1B08C84}.Debug|Any CPU.Build.0 = Debug|Any CPU
		{0FE37419-27D6-A800-D020-E1D1E1B08C84}.Release|Any CPU.ActiveCfg = Release|Any CPU
		{0FE37419-27D6-A800-D020-E1D1E1B08C84}.Release|Any CPU.Build.0 = Release|Any CPU
		{B25C744A-2489-77E5-8149-F8018413EAA7}.Debug|Any CPU.ActiveCfg = Debug|Any CPU
		{B25C744A-2489-77E5-8149-F8018413EAA7}.Debug|Any CPU.Build.0 = Debug|Any CPU
		{B25C744A-2489-77E5-8149-F8018413EAA7}.Release|Any CPU.ActiveCfg = Release|Any CPU
		{B25C744A-2489-77E5-8149-F8018413EAA7}.Release|Any CPU.Build.0 = Release|Any CPU
		{6375494E-E9CB-56DA-AC5A-C2A9445B662D}.Debug|Any CPU.ActiveCfg = Debug|Any CPU
		{6375494E-E9CB-56DA-AC5A-C2A9445B662D}.Debug|Any CPU.Build.0 = Debug|Any CPU
		{6375494E-E9CB-56DA-AC5A-C2A9445B662D}.Release|Any CPU.ActiveCfg = Release|Any CPU
		{6375494E-E9CB-56DA-AC5A-C2A9445B662D}.Release|Any CPU.Build.0 = Release|Any CPU
		{B061187C-358D-AC5D-EA62-5A7C3EE77104}.Debug|Any CPU.ActiveCfg = Debug|Any CPU
		{B061187C-358D-AC5D-EA62-5A7C3EE77104}.Debug|Any CPU.Build.0 = Debug|Any CPU
		{B061187C-358D-AC5D-EA62-5A7C3EE77104}.Release|Any CPU.ActiveCfg = Release|Any CPU
		{B061187C-358D-AC5D-EA62-5A7C3EE77104}.Release|Any CPU.Build.0 = Release|Any CPU
		{EFEDBF36-A0C7-5B7E-9FF5-16ED1A75F051}.Debug|Any CPU.ActiveCfg = Debug|Any CPU
		{EFEDBF36-A0C7-5B7E-9FF5-16ED1A75F051}.Debug|Any CPU.Build.0 = Debug|Any CPU
		{EFEDBF36-A0C7-5B7E-9FF5-16ED1A75F051}.Release|Any CPU.ActiveCfg = Release|Any CPU
		{EFEDBF36-A0C7-5B7E-9FF5-16ED1A75F051}.Release|Any CPU.Build.0 = Release|Any CPU
		{7A7A0688-D737-B6B0-5305-A49155483304}.Debug|Any CPU.ActiveCfg = Debug|Any CPU
		{7A7A0688-D737-B6B0-5305-A49155483304}.Debug|Any CPU.Build.0 = Debug|Any CPU
		{7A7A0688-D737-B6B0-5305-A49155483304}.Release|Any CPU.ActiveCfg = Release|Any CPU
		{7A7A0688-D737-B6B0-5305-A49155483304}.Release|Any CPU.Build.0 = Release|Any CPU
		{1E3B741E-3C7C-D61C-247D-02625E4ABD80}.Debug|Any CPU.ActiveCfg = Debug|Any CPU
		{1E3B741E-3C7C-D61C-247D-02625E4ABD80}.Debug|Any CPU.Build.0 = Debug|Any CPU
		{1E3B741E-3C7C-D61C-247D-02625E4ABD80}.Release|Any CPU.ActiveCfg = Release|Any CPU
		{1E3B741E-3C7C-D61C-247D-02625E4ABD80}.Release|Any CPU.Build.0 = Release|Any CPU
		{068E9402-B5ED-EA62-4850-CCBF2655BF6B}.Debug|Any CPU.ActiveCfg = Debug|Any CPU
		{068E9402-B5ED-EA62-4850-CCBF2655BF6B}.Debug|Any CPU.Build.0 = Debug|Any CPU
		{068E9402-B5ED-EA62-4850-CCBF2655BF6B}.Release|Any CPU.ActiveCfg = Release|Any CPU
		{068E9402-B5ED-EA62-4850-CCBF2655BF6B}.Release|Any CPU.Build.0 = Release|Any CPU
		{DF5D5D66-FD4E-3A21-749A-9E92DFB7ED9C}.Debug|Any CPU.ActiveCfg = Debug|Any CPU
		{DF5D5D66-FD4E-3A21-749A-9E92DFB7ED9C}.Debug|Any CPU.Build.0 = Debug|Any CPU
		{DF5D5D66-FD4E-3A21-749A-9E92DFB7ED9C}.Release|Any CPU.ActiveCfg = Release|Any CPU
		{DF5D5D66-FD4E-3A21-749A-9E92DFB7ED9C}.Release|Any CPU.Build.0 = Release|Any CPU
		{6F5B5B9D-DE05-FDA9-F048-8B21206C41CB}.Debug|Any CPU.ActiveCfg = Debug|Any CPU
		{6F5B5B9D-DE05-FDA9-F048-8B21206C41CB}.Debug|Any CPU.Build.0 = Debug|Any CPU
		{6F5B5B9D-DE05-FDA9-F048-8B21206C41CB}.Release|Any CPU.ActiveCfg = Release|Any CPU
		{6F5B5B9D-DE05-FDA9-F048-8B21206C41CB}.Release|Any CPU.Build.0 = Release|Any CPU
		{1145EA1D-5247-7E7F-A2B5-517BC0B73C84}.Debug|Any CPU.ActiveCfg = Debug|Any CPU
		{1145EA1D-5247-7E7F-A2B5-517BC0B73C84}.Debug|Any CPU.Build.0 = Debug|Any CPU
		{1145EA1D-5247-7E7F-A2B5-517BC0B73C84}.Release|Any CPU.ActiveCfg = Release|Any CPU
		{1145EA1D-5247-7E7F-A2B5-517BC0B73C84}.Release|Any CPU.Build.0 = Release|Any CPU
		{58F3E7BE-6FB8-B5D6-1456-12F2202AC362}.Debug|Any CPU.ActiveCfg = Debug|Any CPU
		{58F3E7BE-6FB8-B5D6-1456-12F2202AC362}.Debug|Any CPU.Build.0 = Debug|Any CPU
		{58F3E7BE-6FB8-B5D6-1456-12F2202AC362}.Release|Any CPU.ActiveCfg = Release|Any CPU
		{58F3E7BE-6FB8-B5D6-1456-12F2202AC362}.Release|Any CPU.Build.0 = Release|Any CPU
		{8D3D846D-2600-475E-FD45-BA3CF2D0B49B}.Debug|Any CPU.ActiveCfg = Debug|Any CPU
		{8D3D846D-2600-475E-FD45-BA3CF2D0B49B}.Debug|Any CPU.Build.0 = Debug|Any CPU
		{8D3D846D-2600-475E-FD45-BA3CF2D0B49B}.Release|Any CPU.ActiveCfg = Release|Any CPU
		{8D3D846D-2600-475E-FD45-BA3CF2D0B49B}.Release|Any CPU.Build.0 = Release|Any CPU
		{214D0349-E86C-55BE-6C00-570821970087}.Debug|Any CPU.ActiveCfg = Debug|Any CPU
		{214D0349-E86C-55BE-6C00-570821970087}.Debug|Any CPU.Build.0 = Debug|Any CPU
		{214D0349-E86C-55BE-6C00-570821970087}.Release|Any CPU.ActiveCfg = Release|Any CPU
		{214D0349-E86C-55BE-6C00-570821970087}.Release|Any CPU.Build.0 = Release|Any CPU
		{B0F8FCFA-363C-229F-AC06-AF19E02656C8}.Debug|Any CPU.ActiveCfg = Debug|Any CPU
		{B0F8FCFA-363C-229F-AC06-AF19E02656C8}.Debug|Any CPU.Build.0 = Debug|Any CPU
		{B0F8FCFA-363C-229F-AC06-AF19E02656C8}.Release|Any CPU.ActiveCfg = Release|Any CPU
		{B0F8FCFA-363C-229F-AC06-AF19E02656C8}.Release|Any CPU.Build.0 = Release|Any CPU
		{0CCB3511-CCBC-D36F-C489-BA0CA384017A}.Debug|Any CPU.ActiveCfg = Debug|Any CPU
		{0CCB3511-CCBC-D36F-C489-BA0CA384017A}.Debug|Any CPU.Build.0 = Debug|Any CPU
		{0CCB3511-CCBC-D36F-C489-BA0CA384017A}.Release|Any CPU.ActiveCfg = Release|Any CPU
		{0CCB3511-CCBC-D36F-C489-BA0CA384017A}.Release|Any CPU.Build.0 = Release|Any CPU
		{1E0C57DD-CF4A-4A3C-FA99-5F259CBDF3BF}.Debug|Any CPU.ActiveCfg = Debug|Any CPU
		{1E0C57DD-CF4A-4A3C-FA99-5F259CBDF3BF}.Debug|Any CPU.Build.0 = Debug|Any CPU
		{1E0C57DD-CF4A-4A3C-FA99-5F259CBDF3BF}.Release|Any CPU.ActiveCfg = Release|Any CPU
		{1E0C57DD-CF4A-4A3C-FA99-5F259CBDF3BF}.Release|Any CPU.Build.0 = Release|Any CPU
		{770F9C33-6604-AB48-8297-91D2E3ADECC9}.Debug|Any CPU.ActiveCfg = Debug|Any CPU
		{770F9C33-6604-AB48-8297-91D2E3ADECC9}.Debug|Any CPU.Build.0 = Debug|Any CPU
		{770F9C33-6604-AB48-8297-91D2E3ADECC9}.Release|Any CPU.ActiveCfg = Release|Any CPU
		{770F9C33-6604-AB48-8297-91D2E3ADECC9}.Release|Any CPU.Build.0 = Release|Any CPU
		{4A7F9C5F-9F06-5580-C5EE-20B29D873DA3}.Debug|Any CPU.ActiveCfg = Debug|Any CPU
		{4A7F9C5F-9F06-5580-C5EE-20B29D873DA3}.Debug|Any CPU.Build.0 = Debug|Any CPU
		{4A7F9C5F-9F06-5580-C5EE-20B29D873DA3}.Release|Any CPU.ActiveCfg = Release|Any CPU
		{4A7F9C5F-9F06-5580-C5EE-20B29D873DA3}.Release|Any CPU.Build.0 = Release|Any CPU
		{513B6FBB-8821-02C3-61F3-584668BEEDCA}.Debug|Any CPU.ActiveCfg = Debug|Any CPU
		{513B6FBB-8821-02C3-61F3-584668BEEDCA}.Debug|Any CPU.Build.0 = Debug|Any CPU
		{513B6FBB-8821-02C3-61F3-584668BEEDCA}.Release|Any CPU.ActiveCfg = Release|Any CPU
		{513B6FBB-8821-02C3-61F3-584668BEEDCA}.Release|Any CPU.Build.0 = Release|Any CPU
		{19BCE819-FA3E-E1F1-9878-13997DCB6E3A}.Debug|Any CPU.ActiveCfg = Debug|Any CPU
		{19BCE819-FA3E-E1F1-9878-13997DCB6E3A}.Debug|Any CPU.Build.0 = Debug|Any CPU
		{19BCE819-FA3E-E1F1-9878-13997DCB6E3A}.Release|Any CPU.ActiveCfg = Release|Any CPU
		{19BCE819-FA3E-E1F1-9878-13997DCB6E3A}.Release|Any CPU.Build.0 = Release|Any CPU
		{951A881C-A9EB-1804-B8F3-33C8CD5866B0}.Debug|Any CPU.ActiveCfg = Debug|Any CPU
		{951A881C-A9EB-1804-B8F3-33C8CD5866B0}.Debug|Any CPU.Build.0 = Debug|Any CPU
		{951A881C-A9EB-1804-B8F3-33C8CD5866B0}.Release|Any CPU.ActiveCfg = Release|Any CPU
		{951A881C-A9EB-1804-B8F3-33C8CD5866B0}.Release|Any CPU.Build.0 = Release|Any CPU
		{228FB7BE-E8B6-BBA6-2061-8BC3A32AF561}.Debug|Any CPU.ActiveCfg = Debug|Any CPU
		{228FB7BE-E8B6-BBA6-2061-8BC3A32AF561}.Debug|Any CPU.Build.0 = Debug|Any CPU
		{228FB7BE-E8B6-BBA6-2061-8BC3A32AF561}.Release|Any CPU.ActiveCfg = Release|Any CPU
		{228FB7BE-E8B6-BBA6-2061-8BC3A32AF561}.Release|Any CPU.Build.0 = Release|Any CPU
		{83DEEF90-9A4A-7395-94E1-55A8E7EE094B}.Debug|Any CPU.ActiveCfg = Debug|Any CPU
		{83DEEF90-9A4A-7395-94E1-55A8E7EE094B}.Debug|Any CPU.Build.0 = Debug|Any CPU
		{83DEEF90-9A4A-7395-94E1-55A8E7EE094B}.Release|Any CPU.ActiveCfg = Release|Any CPU
		{83DEEF90-9A4A-7395-94E1-55A8E7EE094B}.Release|Any CPU.Build.0 = Release|Any CPU
		{0B54BB76-5FAE-63D1-B67D-1CEE7406FA58}.Debug|Any CPU.ActiveCfg = Debug|Any CPU
		{0B54BB76-5FAE-63D1-B67D-1CEE7406FA58}.Debug|Any CPU.Build.0 = Debug|Any CPU
		{0B54BB76-5FAE-63D1-B67D-1CEE7406FA58}.Release|Any CPU.ActiveCfg = Release|Any CPU
		{0B54BB76-5FAE-63D1-B67D-1CEE7406FA58}.Release|Any CPU.Build.0 = Release|Any CPU
		{4CD2F389-50D6-8D5F-738A-F86AFE9670D2}.Debug|Any CPU.ActiveCfg = Debug|Any CPU
		{4CD2F389-50D6-8D5F-738A-F86AFE9670D2}.Debug|Any CPU.Build.0 = Debug|Any CPU
		{4CD2F389-50D6-8D5F-738A-F86AFE9670D2}.Release|Any CPU.ActiveCfg = Release|Any CPU
		{4CD2F389-50D6-8D5F-738A-F86AFE9670D2}.Release|Any CPU.Build.0 = Release|Any CPU
		{AF6A9CB0-8D7E-0E32-204A-AA0802DB5D2D}.Debug|Any CPU.ActiveCfg = Debug|Any CPU
		{AF6A9CB0-8D7E-0E32-204A-AA0802DB5D2D}.Debug|Any CPU.Build.0 = Debug|Any CPU
		{AF6A9CB0-8D7E-0E32-204A-AA0802DB5D2D}.Release|Any CPU.ActiveCfg = Release|Any CPU
		{AF6A9CB0-8D7E-0E32-204A-AA0802DB5D2D}.Release|Any CPU.Build.0 = Release|Any CPU
		{5FB93631-19F8-BA16-A33B-DEC72B663071}.Debug|Any CPU.ActiveCfg = Debug|Any CPU
		{5FB93631-19F8-BA16-A33B-DEC72B663071}.Debug|Any CPU.Build.0 = Debug|Any CPU
		{5FB93631-19F8-BA16-A33B-DEC72B663071}.Release|Any CPU.ActiveCfg = Release|Any CPU
		{5FB93631-19F8-BA16-A33B-DEC72B663071}.Release|Any CPU.Build.0 = Release|Any CPU
		{48B93C2A-969A-7669-817B-C3A46E109B3B}.Debug|Any CPU.ActiveCfg = Debug|Any CPU
		{48B93C2A-969A-7669-817B-C3A46E109B3B}.Debug|Any CPU.Build.0 = Debug|Any CPU
		{48B93C2A-969A-7669-817B-C3A46E109B3B}.Release|Any CPU.ActiveCfg = Release|Any CPU
		{48B93C2A-969A-7669-817B-C3A46E109B3B}.Release|Any CPU.Build.0 = Release|Any CPU
		{0890C94E-544B-754B-25AA-3FCD4CDB1072}.Debug|Any CPU.ActiveCfg = Debug|Any CPU
		{0890C94E-544B-754B-25AA-3FCD4CDB1072}.Debug|Any CPU.Build.0 = Debug|Any CPU
		{0890C94E-544B-754B-25AA-3FCD4CDB1072}.Release|Any CPU.ActiveCfg = Release|Any CPU
		{0890C94E-544B-754B-25AA-3FCD4CDB1072}.Release|Any CPU.Build.0 = Release|Any CPU
		{5A86E05E-0C37-36A4-9F0D-F103DCF82F96}.Debug|Any CPU.ActiveCfg = Debug|Any CPU
		{5A86E05E-0C37-36A4-9F0D-F103DCF82F96}.Debug|Any CPU.Build.0 = Debug|Any CPU
		{5A86E05E-0C37-36A4-9F0D-F103DCF82F96}.Release|Any CPU.ActiveCfg = Release|Any CPU
		{5A86E05E-0C37-36A4-9F0D-F103DCF82F96}.Release|Any CPU.Build.0 = Release|Any CPU
		{61D7FF65-24EF-5E9E-4A7E-DC85A2A0C38B}.Debug|Any CPU.ActiveCfg = Debug|Any CPU
		{61D7FF65-24EF-5E9E-4A7E-DC85A2A0C38B}.Debug|Any CPU.Build.0 = Debug|Any CPU
		{61D7FF65-24EF-5E9E-4A7E-DC85A2A0C38B}.Release|Any CPU.ActiveCfg = Release|Any CPU
		{61D7FF65-24EF-5E9E-4A7E-DC85A2A0C38B}.Release|Any CPU.Build.0 = Release|Any CPU
		{EA5BB5E0-1DD0-9AE8-B4D2-BEC92470A060}.Debug|Any CPU.ActiveCfg = Debug|Any CPU
		{EA5BB5E0-1DD0-9AE8-B4D2-BEC92470A060}.Debug|Any CPU.Build.0 = Debug|Any CPU
		{EA5BB5E0-1DD0-9AE8-B4D2-BEC92470A060}.Release|Any CPU.ActiveCfg = Release|Any CPU
		{EA5BB5E0-1DD0-9AE8-B4D2-BEC92470A060}.Release|Any CPU.Build.0 = Release|Any CPU
		{8C13E1D3-88A1-EC87-015B-F92D8FA3E081}.Debug|Any CPU.ActiveCfg = Debug|Any CPU
		{8C13E1D3-88A1-EC87-015B-F92D8FA3E081}.Debug|Any CPU.Build.0 = Debug|Any CPU
		{8C13E1D3-88A1-EC87-015B-F92D8FA3E081}.Release|Any CPU.ActiveCfg = Release|Any CPU
		{8C13E1D3-88A1-EC87-015B-F92D8FA3E081}.Release|Any CPU.Build.0 = Release|Any CPU
		{3FD0EE46-C27B-E797-0F4F-D06EE7C2D87F}.Debug|Any CPU.ActiveCfg = Debug|Any CPU
		{3FD0EE46-C27B-E797-0F4F-D06EE7C2D87F}.Debug|Any CPU.Build.0 = Debug|Any CPU
		{3FD0EE46-C27B-E797-0F4F-D06EE7C2D87F}.Release|Any CPU.ActiveCfg = Release|Any CPU
		{3FD0EE46-C27B-E797-0F4F-D06EE7C2D87F}.Release|Any CPU.Build.0 = Release|Any CPU
		{9378FC40-F709-E8AE-E363-CA66721489CF}.Debug|Any CPU.ActiveCfg = Debug|Any CPU
		{9378FC40-F709-E8AE-E363-CA66721489CF}.Debug|Any CPU.Build.0 = Debug|Any CPU
		{9378FC40-F709-E8AE-E363-CA66721489CF}.Release|Any CPU.ActiveCfg = Release|Any CPU
		{9378FC40-F709-E8AE-E363-CA66721489CF}.Release|Any CPU.Build.0 = Release|Any CPU
		{4AC75C88-A043-9404-4016-4D128D0CECFC}.Debug|Any CPU.ActiveCfg = Debug|Any CPU
		{4AC75C88-A043-9404-4016-4D128D0CECFC}.Debug|Any CPU.Build.0 = Debug|Any CPU
		{4AC75C88-A043-9404-4016-4D128D0CECFC}.Release|Any CPU.ActiveCfg = Release|Any CPU
		{4AC75C88-A043-9404-4016-4D128D0CECFC}.Release|Any CPU.Build.0 = Release|Any CPU
		{D01E9907-5975-DA9C-168B-4CCC9B2B336A}.Debug|Any CPU.ActiveCfg = Debug|Any CPU
		{D01E9907-5975-DA9C-168B-4CCC9B2B336A}.Debug|Any CPU.Build.0 = Debug|Any CPU
		{D01E9907-5975-DA9C-168B-4CCC9B2B336A}.Release|Any CPU.ActiveCfg = Release|Any CPU
		{D01E9907-5975-DA9C-168B-4CCC9B2B336A}.Release|Any CPU.Build.0 = Release|Any CPU
		{9A9D6B80-E8DD-E8D2-ED9C-363C11855B65}.Debug|Any CPU.ActiveCfg = Debug|Any CPU
		{9A9D6B80-E8DD-E8D2-ED9C-363C11855B65}.Debug|Any CPU.Build.0 = Debug|Any CPU
		{9A9D6B80-E8DD-E8D2-ED9C-363C11855B65}.Release|Any CPU.ActiveCfg = Release|Any CPU
		{9A9D6B80-E8DD-E8D2-ED9C-363C11855B65}.Release|Any CPU.Build.0 = Release|Any CPU
		{2E3FF354-215F-E17D-EE4C-BF1E50144999}.Debug|Any CPU.ActiveCfg = Debug|Any CPU
		{2E3FF354-215F-E17D-EE4C-BF1E50144999}.Debug|Any CPU.Build.0 = Debug|Any CPU
		{2E3FF354-215F-E17D-EE4C-BF1E50144999}.Release|Any CPU.ActiveCfg = Release|Any CPU
		{2E3FF354-215F-E17D-EE4C-BF1E50144999}.Release|Any CPU.Build.0 = Release|Any CPU
		{F173DD83-435F-DD0C-D32D-5E82E4F666A5}.Debug|Any CPU.ActiveCfg = Debug|Any CPU
		{F173DD83-435F-DD0C-D32D-5E82E4F666A5}.Debug|Any CPU.Build.0 = Debug|Any CPU
		{F173DD83-435F-DD0C-D32D-5E82E4F666A5}.Release|Any CPU.ActiveCfg = Release|Any CPU
		{F173DD83-435F-DD0C-D32D-5E82E4F666A5}.Release|Any CPU.Build.0 = Release|Any CPU
		{21C926AE-326B-D59A-4465-ADBD56B609AC}.Debug|Any CPU.ActiveCfg = Debug|Any CPU
		{21C926AE-326B-D59A-4465-ADBD56B609AC}.Debug|Any CPU.Build.0 = Debug|Any CPU
		{21C926AE-326B-D59A-4465-ADBD56B609AC}.Release|Any CPU.ActiveCfg = Release|Any CPU
		{21C926AE-326B-D59A-4465-ADBD56B609AC}.Release|Any CPU.Build.0 = Release|Any CPU
		{143314FF-589F-EFE9-C7A9-D3EE4A70E24C}.Debug|Any CPU.ActiveCfg = Debug|Any CPU
		{143314FF-589F-EFE9-C7A9-D3EE4A70E24C}.Debug|Any CPU.Build.0 = Debug|Any CPU
		{143314FF-589F-EFE9-C7A9-D3EE4A70E24C}.Release|Any CPU.ActiveCfg = Release|Any CPU
		{143314FF-589F-EFE9-C7A9-D3EE4A70E24C}.Release|Any CPU.Build.0 = Release|Any CPU
		{2D7828C1-A4BB-AE48-DF1A-E1877FAFCB16}.Debug|Any CPU.ActiveCfg = Debug|Any CPU
		{2D7828C1-A4BB-AE48-DF1A-E1877FAFCB16}.Debug|Any CPU.Build.0 = Debug|Any CPU
		{2D7828C1-A4BB-AE48-DF1A-E1877FAFCB16}.Release|Any CPU.ActiveCfg = Release|Any CPU
		{2D7828C1-A4BB-AE48-DF1A-E1877FAFCB16}.Release|Any CPU.Build.0 = Release|Any CPU
		{2837337B-E694-5DE4-E6CB-0728D80AF435}.Debug|Any CPU.ActiveCfg = Debug|Any CPU
		{2837337B-E694-5DE4-E6CB-0728D80AF435}.Debug|Any CPU.Build.0 = Debug|Any CPU
		{2837337B-E694-5DE4-E6CB-0728D80AF435}.Release|Any CPU.ActiveCfg = Release|Any CPU
		{2837337B-E694-5DE4-E6CB-0728D80AF435}.Release|Any CPU.Build.0 = Release|Any CPU
		{262A7909-F2D2-685B-D516-D6DAAD5DEDB4}.Debug|Any CPU.ActiveCfg = Debug|Any CPU
		{262A7909-F2D2-685B-D516-D6DAAD5DEDB4}.Debug|Any CPU.Build.0 = Debug|Any CPU
		{262A7909-F2D2-685B-D516-D6DAAD5DEDB4}.Release|Any CPU.ActiveCfg = Release|Any CPU
		{262A7909-F2D2-685B-D516-D6DAAD5DEDB4}.Release|Any CPU.Build.0 = Release|Any CPU
		{8EF51E64-2A21-6D50-BD0F-82DC4F6AAFAB}.Debug|Any CPU.ActiveCfg = Debug|Any CPU
		{8EF51E64-2A21-6D50-BD0F-82DC4F6AAFAB}.Debug|Any CPU.Build.0 = Debug|Any CPU
		{8EF51E64-2A21-6D50-BD0F-82DC4F6AAFAB}.Release|Any CPU.ActiveCfg = Release|Any CPU
		{8EF51E64-2A21-6D50-BD0F-82DC4F6AAFAB}.Release|Any CPU.Build.0 = Release|Any CPU
		{BE0C68BA-D9E3-0FC9-818F-4CEC5E3C962B}.Debug|Any CPU.ActiveCfg = Debug|Any CPU
		{BE0C68BA-D9E3-0FC9-818F-4CEC5E3C962B}.Debug|Any CPU.Build.0 = Debug|Any CPU
		{BE0C68BA-D9E3-0FC9-818F-4CEC5E3C962B}.Release|Any CPU.ActiveCfg = Release|Any CPU
		{BE0C68BA-D9E3-0FC9-818F-4CEC5E3C962B}.Release|Any CPU.Build.0 = Release|Any CPU
		{680C3EDE-C159-4431-D685-A5B808CB7EC6}.Debug|Any CPU.ActiveCfg = Debug|Any CPU
		{680C3EDE-C159-4431-D685-A5B808CB7EC6}.Debug|Any CPU.Build.0 = Debug|Any CPU
		{680C3EDE-C159-4431-D685-A5B808CB7EC6}.Release|Any CPU.ActiveCfg = Release|Any CPU
		{680C3EDE-C159-4431-D685-A5B808CB7EC6}.Release|Any CPU.Build.0 = Release|Any CPU
		{B40352D6-058F-048D-08EF-52F82736C0BA}.Debug|Any CPU.ActiveCfg = Debug|Any CPU
		{B40352D6-058F-048D-08EF-52F82736C0BA}.Debug|Any CPU.Build.0 = Debug|Any CPU
		{B40352D6-058F-048D-08EF-52F82736C0BA}.Release|Any CPU.ActiveCfg = Release|Any CPU
		{B40352D6-058F-048D-08EF-52F82736C0BA}.Release|Any CPU.Build.0 = Release|Any CPU
		{AD743B97-4B5D-C6ED-95A2-9B299070A84F}.Debug|Any CPU.ActiveCfg = Debug|Any CPU
		{AD743B97-4B5D-C6ED-95A2-9B299070A84F}.Debug|Any CPU.Build.0 = Debug|Any CPU
		{AD743B97-4B5D-C6ED-95A2-9B299070A84F}.Release|Any CPU.ActiveCfg = Release|Any CPU
		{AD743B97-4B5D-C6ED-95A2-9B299070A84F}.Release|Any CPU.Build.0 = Release|Any CPU
		{C8FCFA9D-E032-6039-7E23-E0F4D16E6A74}.Debug|Any CPU.ActiveCfg = Debug|Any CPU
		{C8FCFA9D-E032-6039-7E23-E0F4D16E6A74}.Debug|Any CPU.Build.0 = Debug|Any CPU
		{C8FCFA9D-E032-6039-7E23-E0F4D16E6A74}.Release|Any CPU.ActiveCfg = Release|Any CPU
		{C8FCFA9D-E032-6039-7E23-E0F4D16E6A74}.Release|Any CPU.Build.0 = Release|Any CPU
		{1B9190DF-7A1D-10EC-7CE7-60AA0AC1C8AB}.Debug|Any CPU.ActiveCfg = Debug|Any CPU
		{1B9190DF-7A1D-10EC-7CE7-60AA0AC1C8AB}.Debug|Any CPU.Build.0 = Debug|Any CPU
		{1B9190DF-7A1D-10EC-7CE7-60AA0AC1C8AB}.Release|Any CPU.ActiveCfg = Release|Any CPU
		{1B9190DF-7A1D-10EC-7CE7-60AA0AC1C8AB}.Release|Any CPU.Build.0 = Release|Any CPU
		{E86EDB73-6805-FC60-A667-E59DC8ADFA97}.Debug|Any CPU.ActiveCfg = Debug|Any CPU
		{E86EDB73-6805-FC60-A667-E59DC8ADFA97}.Debug|Any CPU.Build.0 = Debug|Any CPU
		{E86EDB73-6805-FC60-A667-E59DC8ADFA97}.Release|Any CPU.ActiveCfg = Release|Any CPU
		{E86EDB73-6805-FC60-A667-E59DC8ADFA97}.Release|Any CPU.Build.0 = Release|Any CPU
		{E5500FF2-7D12-AEE5-6ED4-3DD58D07570D}.Debug|Any CPU.ActiveCfg = Debug|Any CPU
		{E5500FF2-7D12-AEE5-6ED4-3DD58D07570D}.Debug|Any CPU.Build.0 = Debug|Any CPU
		{E5500FF2-7D12-AEE5-6ED4-3DD58D07570D}.Release|Any CPU.ActiveCfg = Release|Any CPU
		{E5500FF2-7D12-AEE5-6ED4-3DD58D07570D}.Release|Any CPU.Build.0 = Release|Any CPU
		{7C92CD69-E8E4-E0CA-FFC6-A3D86F8BDCFA}.Debug|Any CPU.ActiveCfg = Debug|Any CPU
		{7C92CD69-E8E4-E0CA-FFC6-A3D86F8BDCFA}.Debug|Any CPU.Build.0 = Debug|Any CPU
		{7C92CD69-E8E4-E0CA-FFC6-A3D86F8BDCFA}.Release|Any CPU.ActiveCfg = Release|Any CPU
		{7C92CD69-E8E4-E0CA-FFC6-A3D86F8BDCFA}.Release|Any CPU.Build.0 = Release|Any CPU
		{FA6322DB-1677-81BB-D474-873BD4A89DB0}.Debug|Any CPU.ActiveCfg = Debug|Any CPU
		{FA6322DB-1677-81BB-D474-873BD4A89DB0}.Debug|Any CPU.Build.0 = Debug|Any CPU
		{FA6322DB-1677-81BB-D474-873BD4A89DB0}.Release|Any CPU.ActiveCfg = Release|Any CPU
		{FA6322DB-1677-81BB-D474-873BD4A89DB0}.Release|Any CPU.Build.0 = Release|Any CPU
		{8F81AE2D-3FC9-C08C-2F29-1714060568B8}.Debug|Any CPU.ActiveCfg = Debug|Any CPU
		{8F81AE2D-3FC9-C08C-2F29-1714060568B8}.Debug|Any CPU.Build.0 = Debug|Any CPU
		{8F81AE2D-3FC9-C08C-2F29-1714060568B8}.Release|Any CPU.ActiveCfg = Release|Any CPU
		{8F81AE2D-3FC9-C08C-2F29-1714060568B8}.Release|Any CPU.Build.0 = Release|Any CPU
		{6E1C87E7-642D-ACDF-B7E4-221086FD9951}.Debug|Any CPU.ActiveCfg = Debug|Any CPU
		{6E1C87E7-642D-ACDF-B7E4-221086FD9951}.Debug|Any CPU.Build.0 = Debug|Any CPU
		{6E1C87E7-642D-ACDF-B7E4-221086FD9951}.Release|Any CPU.ActiveCfg = Release|Any CPU
		{6E1C87E7-642D-ACDF-B7E4-221086FD9951}.Release|Any CPU.Build.0 = Release|Any CPU
		{093211DB-AB7A-41C1-52E5-90DAAC56C5D5}.Debug|Any CPU.ActiveCfg = Debug|Any CPU
		{093211DB-AB7A-41C1-52E5-90DAAC56C5D5}.Debug|Any CPU.Build.0 = Debug|Any CPU
		{093211DB-AB7A-41C1-52E5-90DAAC56C5D5}.Release|Any CPU.ActiveCfg = Release|Any CPU
		{093211DB-AB7A-41C1-52E5-90DAAC56C5D5}.Release|Any CPU.Build.0 = Release|Any CPU
		{65DB2D5B-53A5-5672-F6D8-C0629BFD7D25}.Debug|Any CPU.ActiveCfg = Debug|Any CPU
		{65DB2D5B-53A5-5672-F6D8-C0629BFD7D25}.Debug|Any CPU.Build.0 = Debug|Any CPU
		{65DB2D5B-53A5-5672-F6D8-C0629BFD7D25}.Release|Any CPU.ActiveCfg = Release|Any CPU
		{65DB2D5B-53A5-5672-F6D8-C0629BFD7D25}.Release|Any CPU.Build.0 = Release|Any CPU
		{16606CB0-1809-0BD1-339C-C835DD242C03}.Debug|Any CPU.ActiveCfg = Debug|Any CPU
		{16606CB0-1809-0BD1-339C-C835DD242C03}.Debug|Any CPU.Build.0 = Debug|Any CPU
		{16606CB0-1809-0BD1-339C-C835DD242C03}.Release|Any CPU.ActiveCfg = Release|Any CPU
		{16606CB0-1809-0BD1-339C-C835DD242C03}.Release|Any CPU.Build.0 = Release|Any CPU
		{7CE6A3C7-044C-E114-1B35-2BE35E7901BD}.Debug|Any CPU.ActiveCfg = Debug|Any CPU
		{7CE6A3C7-044C-E114-1B35-2BE35E7901BD}.Debug|Any CPU.Build.0 = Debug|Any CPU
		{7CE6A3C7-044C-E114-1B35-2BE35E7901BD}.Release|Any CPU.ActiveCfg = Release|Any CPU
		{7CE6A3C7-044C-E114-1B35-2BE35E7901BD}.Release|Any CPU.Build.0 = Release|Any CPU
		{023F83A2-AA92-8CA4-A86A-F8823346E8B6}.Debug|Any CPU.ActiveCfg = Debug|Any CPU
		{023F83A2-AA92-8CA4-A86A-F8823346E8B6}.Debug|Any CPU.Build.0 = Debug|Any CPU
		{023F83A2-AA92-8CA4-A86A-F8823346E8B6}.Release|Any CPU.ActiveCfg = Release|Any CPU
		{023F83A2-AA92-8CA4-A86A-F8823346E8B6}.Release|Any CPU.Build.0 = Release|Any CPU
		{6611DBCC-5121-AABD-BDC6-B8F211DF8687}.Debug|Any CPU.ActiveCfg = Debug|Any CPU
		{6611DBCC-5121-AABD-BDC6-B8F211DF8687}.Debug|Any CPU.Build.0 = Debug|Any CPU
		{6611DBCC-5121-AABD-BDC6-B8F211DF8687}.Release|Any CPU.ActiveCfg = Release|Any CPU
		{6611DBCC-5121-AABD-BDC6-B8F211DF8687}.Release|Any CPU.Build.0 = Release|Any CPU
		{82F81DC2-8328-1D33-D5DC-7D852879DB7C}.Debug|Any CPU.ActiveCfg = Debug|Any CPU
		{82F81DC2-8328-1D33-D5DC-7D852879DB7C}.Debug|Any CPU.Build.0 = Debug|Any CPU
		{82F81DC2-8328-1D33-D5DC-7D852879DB7C}.Release|Any CPU.ActiveCfg = Release|Any CPU
		{82F81DC2-8328-1D33-D5DC-7D852879DB7C}.Release|Any CPU.Build.0 = Release|Any CPU
		{BF476117-7EEC-5EB4-EF4A-538136E7F606}.Debug|Any CPU.ActiveCfg = Debug|Any CPU
		{BF476117-7EEC-5EB4-EF4A-538136E7F606}.Debug|Any CPU.Build.0 = Debug|Any CPU
		{BF476117-7EEC-5EB4-EF4A-538136E7F606}.Release|Any CPU.ActiveCfg = Release|Any CPU
		{BF476117-7EEC-5EB4-EF4A-538136E7F606}.Release|Any CPU.Build.0 = Release|Any CPU
		{B3111342-5A92-E0B0-8A22-44A2BE5DDC81}.Debug|Any CPU.ActiveCfg = Debug|Any CPU
		{B3111342-5A92-E0B0-8A22-44A2BE5DDC81}.Debug|Any CPU.Build.0 = Debug|Any CPU
		{B3111342-5A92-E0B0-8A22-44A2BE5DDC81}.Release|Any CPU.ActiveCfg = Release|Any CPU
		{B3111342-5A92-E0B0-8A22-44A2BE5DDC81}.Release|Any CPU.Build.0 = Release|Any CPU
		{8A5E683E-CBC1-88D1-D34A-2F033CEF2920}.Debug|Any CPU.ActiveCfg = Debug|Any CPU
		{8A5E683E-CBC1-88D1-D34A-2F033CEF2920}.Debug|Any CPU.Build.0 = Debug|Any CPU
		{8A5E683E-CBC1-88D1-D34A-2F033CEF2920}.Release|Any CPU.ActiveCfg = Release|Any CPU
		{8A5E683E-CBC1-88D1-D34A-2F033CEF2920}.Release|Any CPU.Build.0 = Release|Any CPU
		{D3F4A397-AEAE-A8F0-00E8-3C03F0C58CB6}.Debug|Any CPU.ActiveCfg = Debug|Any CPU
		{D3F4A397-AEAE-A8F0-00E8-3C03F0C58CB6}.Debug|Any CPU.Build.0 = Debug|Any CPU
		{D3F4A397-AEAE-A8F0-00E8-3C03F0C58CB6}.Release|Any CPU.ActiveCfg = Release|Any CPU
		{D3F4A397-AEAE-A8F0-00E8-3C03F0C58CB6}.Release|Any CPU.Build.0 = Release|Any CPU
		{0AFBA8DD-810B-D6E7-05C4-89167675C0A7}.Debug|Any CPU.ActiveCfg = Debug|Any CPU
		{0AFBA8DD-810B-D6E7-05C4-89167675C0A7}.Debug|Any CPU.Build.0 = Debug|Any CPU
		{0AFBA8DD-810B-D6E7-05C4-89167675C0A7}.Release|Any CPU.ActiveCfg = Release|Any CPU
		{0AFBA8DD-810B-D6E7-05C4-89167675C0A7}.Release|Any CPU.Build.0 = Release|Any CPU
		{AEF9DFD7-6FD7-AAF4-5830-980647130142}.Debug|Any CPU.ActiveCfg = Debug|Any CPU
		{AEF9DFD7-6FD7-AAF4-5830-980647130142}.Debug|Any CPU.Build.0 = Debug|Any CPU
		{AEF9DFD7-6FD7-AAF4-5830-980647130142}.Release|Any CPU.ActiveCfg = Release|Any CPU
		{AEF9DFD7-6FD7-AAF4-5830-980647130142}.Release|Any CPU.Build.0 = Release|Any CPU
		{D015A703-DB4E-34F1-CDE6-BD9F37B887AB}.Debug|Any CPU.ActiveCfg = Debug|Any CPU
		{D015A703-DB4E-34F1-CDE6-BD9F37B887AB}.Debug|Any CPU.Build.0 = Debug|Any CPU
		{D015A703-DB4E-34F1-CDE6-BD9F37B887AB}.Release|Any CPU.ActiveCfg = Release|Any CPU
		{D015A703-DB4E-34F1-CDE6-BD9F37B887AB}.Release|Any CPU.Build.0 = Release|Any CPU
		{474B7189-A0DD-9D10-1081-615E17DE1B11}.Debug|Any CPU.ActiveCfg = Debug|Any CPU
		{474B7189-A0DD-9D10-1081-615E17DE1B11}.Debug|Any CPU.Build.0 = Debug|Any CPU
		{474B7189-A0DD-9D10-1081-615E17DE1B11}.Release|Any CPU.ActiveCfg = Release|Any CPU
		{474B7189-A0DD-9D10-1081-615E17DE1B11}.Release|Any CPU.Build.0 = Release|Any CPU
		{BA98A848-5F1A-0B8A-8A92-6093952C652F}.Debug|Any CPU.ActiveCfg = Debug|Any CPU
		{BA98A848-5F1A-0B8A-8A92-6093952C652F}.Debug|Any CPU.Build.0 = Debug|Any CPU
		{BA98A848-5F1A-0B8A-8A92-6093952C652F}.Release|Any CPU.ActiveCfg = Release|Any CPU
		{BA98A848-5F1A-0B8A-8A92-6093952C652F}.Release|Any CPU.Build.0 = Release|Any CPU
		{866A23D0-4465-6026-B461-90FD6E4B184E}.Debug|Any CPU.ActiveCfg = Debug|Any CPU
		{866A23D0-4465-6026-B461-90FD6E4B184E}.Debug|Any CPU.Build.0 = Debug|Any CPU
		{866A23D0-4465-6026-B461-90FD6E4B184E}.Release|Any CPU.ActiveCfg = Release|Any CPU
		{866A23D0-4465-6026-B461-90FD6E4B184E}.Release|Any CPU.Build.0 = Release|Any CPU
		{054A58A5-F0DC-9009-20E5-ED153D67B88F}.Debug|Any CPU.ActiveCfg = Debug|Any CPU
		{054A58A5-F0DC-9009-20E5-ED153D67B88F}.Debug|Any CPU.Build.0 = Debug|Any CPU
		{054A58A5-F0DC-9009-20E5-ED153D67B88F}.Release|Any CPU.ActiveCfg = Release|Any CPU
		{054A58A5-F0DC-9009-20E5-ED153D67B88F}.Release|Any CPU.Build.0 = Release|Any CPU
		{E04F0358-23CD-9179-6D97-CCE52B7EBB40}.Debug|Any CPU.ActiveCfg = Debug|Any CPU
		{E04F0358-23CD-9179-6D97-CCE52B7EBB40}.Debug|Any CPU.Build.0 = Debug|Any CPU
		{E04F0358-23CD-9179-6D97-CCE52B7EBB40}.Release|Any CPU.ActiveCfg = Release|Any CPU
		{E04F0358-23CD-9179-6D97-CCE52B7EBB40}.Release|Any CPU.Build.0 = Release|Any CPU
		{41CAD031-60EF-3960-6B0B-6005540F879F}.Debug|Any CPU.ActiveCfg = Debug|Any CPU
		{41CAD031-60EF-3960-6B0B-6005540F879F}.Debug|Any CPU.Build.0 = Debug|Any CPU
		{41CAD031-60EF-3960-6B0B-6005540F879F}.Release|Any CPU.ActiveCfg = Release|Any CPU
		{41CAD031-60EF-3960-6B0B-6005540F879F}.Release|Any CPU.Build.0 = Release|Any CPU
		{654C4E8A-4952-A2B8-F72C-A4F2BDBD2488}.Debug|Any CPU.ActiveCfg = Debug|Any CPU
		{654C4E8A-4952-A2B8-F72C-A4F2BDBD2488}.Debug|Any CPU.Build.0 = Debug|Any CPU
		{654C4E8A-4952-A2B8-F72C-A4F2BDBD2488}.Release|Any CPU.ActiveCfg = Release|Any CPU
		{654C4E8A-4952-A2B8-F72C-A4F2BDBD2488}.Release|Any CPU.Build.0 = Release|Any CPU
		{A2C67A1E-AEF0-F731-F474-EF2248FBEE11}.Debug|Any CPU.ActiveCfg = Debug|Any CPU
		{A2C67A1E-AEF0-F731-F474-EF2248FBEE11}.Debug|Any CPU.Build.0 = Debug|Any CPU
		{A2C67A1E-AEF0-F731-F474-EF2248FBEE11}.Release|Any CPU.ActiveCfg = Release|Any CPU
		{A2C67A1E-AEF0-F731-F474-EF2248FBEE11}.Release|Any CPU.Build.0 = Release|Any CPU
		{E865D137-83B3-0851-A2A6-3637AF2AB108}.Debug|Any CPU.ActiveCfg = Debug|Any CPU
		{E865D137-83B3-0851-A2A6-3637AF2AB108}.Debug|Any CPU.Build.0 = Debug|Any CPU
		{E865D137-83B3-0851-A2A6-3637AF2AB108}.Release|Any CPU.ActiveCfg = Release|Any CPU
		{E865D137-83B3-0851-A2A6-3637AF2AB108}.Release|Any CPU.Build.0 = Release|Any CPU
		{21E86132-544C-6E67-8704-E8CA8C828F36}.Debug|Any CPU.ActiveCfg = Debug|Any CPU
		{21E86132-544C-6E67-8704-E8CA8C828F36}.Debug|Any CPU.Build.0 = Debug|Any CPU
		{21E86132-544C-6E67-8704-E8CA8C828F36}.Release|Any CPU.ActiveCfg = Release|Any CPU
		{21E86132-544C-6E67-8704-E8CA8C828F36}.Release|Any CPU.Build.0 = Release|Any CPU
		{3F6E3DD7-897D-7675-15AB-CBD0D92B0A9E}.Debug|Any CPU.ActiveCfg = Debug|Any CPU
		{3F6E3DD7-897D-7675-15AB-CBD0D92B0A9E}.Debug|Any CPU.Build.0 = Debug|Any CPU
		{3F6E3DD7-897D-7675-15AB-CBD0D92B0A9E}.Release|Any CPU.ActiveCfg = Release|Any CPU
		{3F6E3DD7-897D-7675-15AB-CBD0D92B0A9E}.Release|Any CPU.Build.0 = Release|Any CPU
		{6320FCC8-CB32-9420-4016-624FE475E586}.Debug|Any CPU.ActiveCfg = Debug|Any CPU
		{6320FCC8-CB32-9420-4016-624FE475E586}.Debug|Any CPU.Build.0 = Debug|Any CPU
		{6320FCC8-CB32-9420-4016-624FE475E586}.Release|Any CPU.ActiveCfg = Release|Any CPU
		{6320FCC8-CB32-9420-4016-624FE475E586}.Release|Any CPU.Build.0 = Release|Any CPU
		{920A6F78-F9D3-C649-391C-B3F4FA26D700}.Debug|Any CPU.ActiveCfg = Debug|Any CPU
		{920A6F78-F9D3-C649-391C-B3F4FA26D700}.Debug|Any CPU.Build.0 = Debug|Any CPU
		{920A6F78-F9D3-C649-391C-B3F4FA26D700}.Release|Any CPU.ActiveCfg = Release|Any CPU
		{920A6F78-F9D3-C649-391C-B3F4FA26D700}.Release|Any CPU.Build.0 = Release|Any CPU
		{40C1A244-517A-65ED-772A-E28231FD84DF}.Debug|Any CPU.ActiveCfg = Debug|Any CPU
		{40C1A244-517A-65ED-772A-E28231FD84DF}.Debug|Any CPU.Build.0 = Debug|Any CPU
		{40C1A244-517A-65ED-772A-E28231FD84DF}.Release|Any CPU.ActiveCfg = Release|Any CPU
		{40C1A244-517A-65ED-772A-E28231FD84DF}.Release|Any CPU.Build.0 = Release|Any CPU
		{6934DD68-563B-0828-CB44-57556E8587B9}.Debug|Any CPU.ActiveCfg = Debug|Any CPU
		{6934DD68-563B-0828-CB44-57556E8587B9}.Debug|Any CPU.Build.0 = Debug|Any CPU
		{6934DD68-563B-0828-CB44-57556E8587B9}.Release|Any CPU.ActiveCfg = Release|Any CPU
		{6934DD68-563B-0828-CB44-57556E8587B9}.Release|Any CPU.Build.0 = Release|Any CPU
		{578CD224-97ED-6691-B426-B96331F560AF}.Debug|Any CPU.ActiveCfg = Debug|Any CPU
		{578CD224-97ED-6691-B426-B96331F560AF}.Debug|Any CPU.Build.0 = Debug|Any CPU
		{578CD224-97ED-6691-B426-B96331F560AF}.Release|Any CPU.ActiveCfg = Release|Any CPU
		{578CD224-97ED-6691-B426-B96331F560AF}.Release|Any CPU.Build.0 = Release|Any CPU
		{EB358D54-10AC-DB0F-7BE6-BEA44064D707}.Debug|Any CPU.ActiveCfg = Debug|Any CPU
		{EB358D54-10AC-DB0F-7BE6-BEA44064D707}.Debug|Any CPU.Build.0 = Debug|Any CPU
		{EB358D54-10AC-DB0F-7BE6-BEA44064D707}.Release|Any CPU.ActiveCfg = Release|Any CPU
		{EB358D54-10AC-DB0F-7BE6-BEA44064D707}.Release|Any CPU.Build.0 = Release|Any CPU
		{4DB91BEE-4EB1-7E67-8152-EA77CA891C95}.Debug|Any CPU.ActiveCfg = Debug|Any CPU
		{4DB91BEE-4EB1-7E67-8152-EA77CA891C95}.Debug|Any CPU.Build.0 = Debug|Any CPU
		{4DB91BEE-4EB1-7E67-8152-EA77CA891C95}.Release|Any CPU.ActiveCfg = Release|Any CPU
		{4DB91BEE-4EB1-7E67-8152-EA77CA891C95}.Release|Any CPU.Build.0 = Release|Any CPU
		{897ECE43-19E5-DBA8-1502-EB24F8099C0E}.Debug|Any CPU.ActiveCfg = Debug|Any CPU
		{897ECE43-19E5-DBA8-1502-EB24F8099C0E}.Debug|Any CPU.Build.0 = Debug|Any CPU
		{897ECE43-19E5-DBA8-1502-EB24F8099C0E}.Release|Any CPU.ActiveCfg = Release|Any CPU
		{897ECE43-19E5-DBA8-1502-EB24F8099C0E}.Release|Any CPU.Build.0 = Release|Any CPU
		{EBFE71E5-D5C5-1933-F422-413C0633C1CD}.Debug|Any CPU.ActiveCfg = Debug|Any CPU
		{EBFE71E5-D5C5-1933-F422-413C0633C1CD}.Debug|Any CPU.Build.0 = Debug|Any CPU
		{EBFE71E5-D5C5-1933-F422-413C0633C1CD}.Release|Any CPU.ActiveCfg = Release|Any CPU
		{EBFE71E5-D5C5-1933-F422-413C0633C1CD}.Release|Any CPU.Build.0 = Release|Any CPU
		{396DEBB1-7C96-51B7-F71E-F6FFA208396A}.Debug|Any CPU.ActiveCfg = Debug|Any CPU
		{396DEBB1-7C96-51B7-F71E-F6FFA208396A}.Debug|Any CPU.Build.0 = Debug|Any CPU
		{396DEBB1-7C96-51B7-F71E-F6FFA208396A}.Release|Any CPU.ActiveCfg = Release|Any CPU
		{396DEBB1-7C96-51B7-F71E-F6FFA208396A}.Release|Any CPU.Build.0 = Release|Any CPU
		{A5FEEA4F-C926-9AD6-087C-63AAFAE70BDF}.Debug|Any CPU.ActiveCfg = Debug|Any CPU
		{A5FEEA4F-C926-9AD6-087C-63AAFAE70BDF}.Debug|Any CPU.Build.0 = Debug|Any CPU
		{A5FEEA4F-C926-9AD6-087C-63AAFAE70BDF}.Release|Any CPU.ActiveCfg = Release|Any CPU
		{A5FEEA4F-C926-9AD6-087C-63AAFAE70BDF}.Release|Any CPU.Build.0 = Release|Any CPU
		{D612BA23-AF4F-323C-AC68-47B6E6DC38C5}.Debug|Any CPU.ActiveCfg = Debug|Any CPU
		{D612BA23-AF4F-323C-AC68-47B6E6DC38C5}.Debug|Any CPU.Build.0 = Debug|Any CPU
		{D612BA23-AF4F-323C-AC68-47B6E6DC38C5}.Release|Any CPU.ActiveCfg = Release|Any CPU
		{D612BA23-AF4F-323C-AC68-47B6E6DC38C5}.Release|Any CPU.Build.0 = Release|Any CPU
		{1293C83F-C72F-3118-F382-72F07927824C}.Debug|Any CPU.ActiveCfg = Debug|Any CPU
		{1293C83F-C72F-3118-F382-72F07927824C}.Debug|Any CPU.Build.0 = Debug|Any CPU
		{1293C83F-C72F-3118-F382-72F07927824C}.Release|Any CPU.ActiveCfg = Release|Any CPU
		{1293C83F-C72F-3118-F382-72F07927824C}.Release|Any CPU.Build.0 = Release|Any CPU
		{A986254E-2B01-1003-D1A6-38F172D6AC30}.Debug|Any CPU.ActiveCfg = Debug|Any CPU
		{A986254E-2B01-1003-D1A6-38F172D6AC30}.Debug|Any CPU.Build.0 = Debug|Any CPU
		{A986254E-2B01-1003-D1A6-38F172D6AC30}.Release|Any CPU.ActiveCfg = Release|Any CPU
		{A986254E-2B01-1003-D1A6-38F172D6AC30}.Release|Any CPU.Build.0 = Release|Any CPU
		{4F8F8115-D681-554F-0BA5-31E4BBBFC9A1}.Debug|Any CPU.ActiveCfg = Debug|Any CPU
		{4F8F8115-D681-554F-0BA5-31E4BBBFC9A1}.Debug|Any CPU.Build.0 = Debug|Any CPU
		{4F8F8115-D681-554F-0BA5-31E4BBBFC9A1}.Release|Any CPU.ActiveCfg = Release|Any CPU
		{4F8F8115-D681-554F-0BA5-31E4BBBFC9A1}.Release|Any CPU.Build.0 = Release|Any CPU
		{D04CE9B3-FD48-7EB4-7A45-7CC53FF6E7E1}.Debug|Any CPU.ActiveCfg = Debug|Any CPU
		{D04CE9B3-FD48-7EB4-7A45-7CC53FF6E7E1}.Debug|Any CPU.Build.0 = Debug|Any CPU
		{D04CE9B3-FD48-7EB4-7A45-7CC53FF6E7E1}.Release|Any CPU.ActiveCfg = Release|Any CPU
		{D04CE9B3-FD48-7EB4-7A45-7CC53FF6E7E1}.Release|Any CPU.Build.0 = Release|Any CPU
		{82D5C53D-8630-A4F5-D40F-1B266DF947C1}.Debug|Any CPU.ActiveCfg = Debug|Any CPU
		{82D5C53D-8630-A4F5-D40F-1B266DF947C1}.Debug|Any CPU.Build.0 = Debug|Any CPU
		{82D5C53D-8630-A4F5-D40F-1B266DF947C1}.Release|Any CPU.ActiveCfg = Release|Any CPU
		{82D5C53D-8630-A4F5-D40F-1B266DF947C1}.Release|Any CPU.Build.0 = Release|Any CPU
		{3147C0F7-24C0-7373-5C70-E00BA5F3B8AD}.Debug|Any CPU.ActiveCfg = Debug|Any CPU
		{3147C0F7-24C0-7373-5C70-E00BA5F3B8AD}.Debug|Any CPU.Build.0 = Debug|Any CPU
		{3147C0F7-24C0-7373-5C70-E00BA5F3B8AD}.Release|Any CPU.ActiveCfg = Release|Any CPU
		{3147C0F7-24C0-7373-5C70-E00BA5F3B8AD}.Release|Any CPU.Build.0 = Release|Any CPU
		{A0ED3D6A-9B2C-98BD-6C6B-FF27CC35B5C3}.Debug|Any CPU.ActiveCfg = Debug|Any CPU
		{A0ED3D6A-9B2C-98BD-6C6B-FF27CC35B5C3}.Debug|Any CPU.Build.0 = Debug|Any CPU
		{A0ED3D6A-9B2C-98BD-6C6B-FF27CC35B5C3}.Release|Any CPU.ActiveCfg = Release|Any CPU
		{A0ED3D6A-9B2C-98BD-6C6B-FF27CC35B5C3}.Release|Any CPU.Build.0 = Release|Any CPU
		{38C467C3-73F9-9A24-B382-31626F2A1D70}.Debug|Any CPU.ActiveCfg = Debug|Any CPU
		{38C467C3-73F9-9A24-B382-31626F2A1D70}.Debug|Any CPU.Build.0 = Debug|Any CPU
		{38C467C3-73F9-9A24-B382-31626F2A1D70}.Release|Any CPU.ActiveCfg = Release|Any CPU
		{38C467C3-73F9-9A24-B382-31626F2A1D70}.Release|Any CPU.Build.0 = Release|Any CPU
		{694C4B14-08C0-F3C6-1FBF-3A38C22D92BE}.Debug|Any CPU.ActiveCfg = Debug|Any CPU
		{694C4B14-08C0-F3C6-1FBF-3A38C22D92BE}.Debug|Any CPU.Build.0 = Debug|Any CPU
		{694C4B14-08C0-F3C6-1FBF-3A38C22D92BE}.Release|Any CPU.ActiveCfg = Release|Any CPU
		{694C4B14-08C0-F3C6-1FBF-3A38C22D92BE}.Release|Any CPU.Build.0 = Release|Any CPU
		{A3BA0D85-9197-DF91-6349-D7F978C4CBA7}.Debug|Any CPU.ActiveCfg = Debug|Any CPU
		{A3BA0D85-9197-DF91-6349-D7F978C4CBA7}.Debug|Any CPU.Build.0 = Debug|Any CPU
		{A3BA0D85-9197-DF91-6349-D7F978C4CBA7}.Release|Any CPU.ActiveCfg = Release|Any CPU
		{A3BA0D85-9197-DF91-6349-D7F978C4CBA7}.Release|Any CPU.Build.0 = Release|Any CPU
		{1FF2D23F-8A85-FCFA-BB15-B0C34830E57A}.Debug|Any CPU.ActiveCfg = Debug|Any CPU
		{1FF2D23F-8A85-FCFA-BB15-B0C34830E57A}.Debug|Any CPU.Build.0 = Debug|Any CPU
		{1FF2D23F-8A85-FCFA-BB15-B0C34830E57A}.Release|Any CPU.ActiveCfg = Release|Any CPU
		{1FF2D23F-8A85-FCFA-BB15-B0C34830E57A}.Release|Any CPU.Build.0 = Release|Any CPU
		{60E6E0F6-4E1F-DEC5-3D80-D7003D0D742E}.Debug|Any CPU.ActiveCfg = Debug|Any CPU
		{60E6E0F6-4E1F-DEC5-3D80-D7003D0D742E}.Debug|Any CPU.Build.0 = Debug|Any CPU
		{60E6E0F6-4E1F-DEC5-3D80-D7003D0D742E}.Release|Any CPU.ActiveCfg = Release|Any CPU
		{60E6E0F6-4E1F-DEC5-3D80-D7003D0D742E}.Release|Any CPU.Build.0 = Release|Any CPU
		{FD6F35C9-8EA5-CA14-EF0E-985C5F6BE782}.Debug|Any CPU.ActiveCfg = Debug|Any CPU
		{FD6F35C9-8EA5-CA14-EF0E-985C5F6BE782}.Debug|Any CPU.Build.0 = Debug|Any CPU
		{FD6F35C9-8EA5-CA14-EF0E-985C5F6BE782}.Release|Any CPU.ActiveCfg = Release|Any CPU
		{FD6F35C9-8EA5-CA14-EF0E-985C5F6BE782}.Release|Any CPU.Build.0 = Release|Any CPU
		{8A2C3D82-C597-3A07-C910-AA3750B4B2CE}.Debug|Any CPU.ActiveCfg = Debug|Any CPU
		{8A2C3D82-C597-3A07-C910-AA3750B4B2CE}.Debug|Any CPU.Build.0 = Debug|Any CPU
		{8A2C3D82-C597-3A07-C910-AA3750B4B2CE}.Release|Any CPU.ActiveCfg = Release|Any CPU
		{8A2C3D82-C597-3A07-C910-AA3750B4B2CE}.Release|Any CPU.Build.0 = Release|Any CPU
		{FC300110-7F1D-99BA-9B2A-886BA8B1EAD3}.Debug|Any CPU.ActiveCfg = Debug|Any CPU
		{FC300110-7F1D-99BA-9B2A-886BA8B1EAD3}.Debug|Any CPU.Build.0 = Debug|Any CPU
		{FC300110-7F1D-99BA-9B2A-886BA8B1EAD3}.Release|Any CPU.ActiveCfg = Release|Any CPU
		{FC300110-7F1D-99BA-9B2A-886BA8B1EAD3}.Release|Any CPU.Build.0 = Release|Any CPU
		{1D4775A7-9AB6-4167-C2A9-E5F9DF5CB17C}.Debug|Any CPU.ActiveCfg = Debug|Any CPU
		{1D4775A7-9AB6-4167-C2A9-E5F9DF5CB17C}.Debug|Any CPU.Build.0 = Debug|Any CPU
		{1D4775A7-9AB6-4167-C2A9-E5F9DF5CB17C}.Release|Any CPU.ActiveCfg = Release|Any CPU
		{1D4775A7-9AB6-4167-C2A9-E5F9DF5CB17C}.Release|Any CPU.Build.0 = Release|Any CPU
		{9008958C-D824-BF46-6CDC-AC2E5577D51D}.Debug|Any CPU.ActiveCfg = Debug|Any CPU
		{9008958C-D824-BF46-6CDC-AC2E5577D51D}.Debug|Any CPU.Build.0 = Debug|Any CPU
		{9008958C-D824-BF46-6CDC-AC2E5577D51D}.Release|Any CPU.ActiveCfg = Release|Any CPU
		{9008958C-D824-BF46-6CDC-AC2E5577D51D}.Release|Any CPU.Build.0 = Release|Any CPU
		{2A3DAE07-73F3-FF45-DD0F-F1C5C14AD764}.Debug|Any CPU.ActiveCfg = Debug|Any CPU
		{2A3DAE07-73F3-FF45-DD0F-F1C5C14AD764}.Debug|Any CPU.Build.0 = Debug|Any CPU
		{2A3DAE07-73F3-FF45-DD0F-F1C5C14AD764}.Release|Any CPU.ActiveCfg = Release|Any CPU
		{2A3DAE07-73F3-FF45-DD0F-F1C5C14AD764}.Release|Any CPU.Build.0 = Release|Any CPU
		{10C65DAE-0B7B-100E-FD2C-352F5DD9CA38}.Debug|Any CPU.ActiveCfg = Debug|Any CPU
		{10C65DAE-0B7B-100E-FD2C-352F5DD9CA38}.Debug|Any CPU.Build.0 = Debug|Any CPU
		{10C65DAE-0B7B-100E-FD2C-352F5DD9CA38}.Release|Any CPU.ActiveCfg = Release|Any CPU
		{10C65DAE-0B7B-100E-FD2C-352F5DD9CA38}.Release|Any CPU.Build.0 = Release|Any CPU
		{CD8672DA-5DD9-5781-D3C1-57BE89E62758}.Debug|Any CPU.ActiveCfg = Debug|Any CPU
		{CD8672DA-5DD9-5781-D3C1-57BE89E62758}.Debug|Any CPU.Build.0 = Debug|Any CPU
		{CD8672DA-5DD9-5781-D3C1-57BE89E62758}.Release|Any CPU.ActiveCfg = Release|Any CPU
		{CD8672DA-5DD9-5781-D3C1-57BE89E62758}.Release|Any CPU.Build.0 = Release|Any CPU
		{BC296977-D419-4DF8-FF44-F1624487BC13}.Debug|Any CPU.ActiveCfg = Debug|Any CPU
		{BC296977-D419-4DF8-FF44-F1624487BC13}.Debug|Any CPU.Build.0 = Debug|Any CPU
		{BC296977-D419-4DF8-FF44-F1624487BC13}.Release|Any CPU.ActiveCfg = Release|Any CPU
		{BC296977-D419-4DF8-FF44-F1624487BC13}.Release|Any CPU.Build.0 = Release|Any CPU
		{B516EC08-D435-376E-B5C3-B0A59D6390DB}.Debug|Any CPU.ActiveCfg = Debug|Any CPU
		{B516EC08-D435-376E-B5C3-B0A59D6390DB}.Debug|Any CPU.Build.0 = Debug|Any CPU
		{B516EC08-D435-376E-B5C3-B0A59D6390DB}.Release|Any CPU.ActiveCfg = Release|Any CPU
		{B516EC08-D435-376E-B5C3-B0A59D6390DB}.Release|Any CPU.Build.0 = Release|Any CPU
		{6AF15AF7-837E-5478-9052-32EEF8EF732B}.Debug|Any CPU.ActiveCfg = Debug|Any CPU
		{6AF15AF7-837E-5478-9052-32EEF8EF732B}.Debug|Any CPU.Build.0 = Debug|Any CPU
		{6AF15AF7-837E-5478-9052-32EEF8EF732B}.Release|Any CPU.ActiveCfg = Release|Any CPU
		{6AF15AF7-837E-5478-9052-32EEF8EF732B}.Release|Any CPU.Build.0 = Release|Any CPU
		{D41A79DD-66FD-C2DC-431C-0E88AA7DABFC}.Debug|Any CPU.ActiveCfg = Debug|Any CPU
		{D41A79DD-66FD-C2DC-431C-0E88AA7DABFC}.Debug|Any CPU.Build.0 = Debug|Any CPU
		{D41A79DD-66FD-C2DC-431C-0E88AA7DABFC}.Release|Any CPU.ActiveCfg = Release|Any CPU
		{D41A79DD-66FD-C2DC-431C-0E88AA7DABFC}.Release|Any CPU.Build.0 = Release|Any CPU
		{8E8DF77D-C493-B4E1-0CB0-8F1B9BB15414}.Debug|Any CPU.ActiveCfg = Debug|Any CPU
		{8E8DF77D-C493-B4E1-0CB0-8F1B9BB15414}.Debug|Any CPU.Build.0 = Debug|Any CPU
		{8E8DF77D-C493-B4E1-0CB0-8F1B9BB15414}.Release|Any CPU.ActiveCfg = Release|Any CPU
		{8E8DF77D-C493-B4E1-0CB0-8F1B9BB15414}.Release|Any CPU.Build.0 = Release|Any CPU
		{3FD01A68-2608-26E9-A0A2-EFBCFD768D49}.Debug|Any CPU.ActiveCfg = Debug|Any CPU
		{3FD01A68-2608-26E9-A0A2-EFBCFD768D49}.Debug|Any CPU.Build.0 = Debug|Any CPU
		{3FD01A68-2608-26E9-A0A2-EFBCFD768D49}.Release|Any CPU.ActiveCfg = Release|Any CPU
		{3FD01A68-2608-26E9-A0A2-EFBCFD768D49}.Release|Any CPU.Build.0 = Release|Any CPU
		{CE311F1E-55A3-612D-FF47-49BA0651885C}.Debug|Any CPU.ActiveCfg = Debug|Any CPU
		{CE311F1E-55A3-612D-FF47-49BA0651885C}.Debug|Any CPU.Build.0 = Debug|Any CPU
		{CE311F1E-55A3-612D-FF47-49BA0651885C}.Release|Any CPU.ActiveCfg = Release|Any CPU
		{CE311F1E-55A3-612D-FF47-49BA0651885C}.Release|Any CPU.Build.0 = Release|Any CPU
		{E6D5560C-099E-0A98-D011-DED8A3F4D28C}.Debug|Any CPU.ActiveCfg = Debug|Any CPU
		{E6D5560C-099E-0A98-D011-DED8A3F4D28C}.Debug|Any CPU.Build.0 = Debug|Any CPU
		{E6D5560C-099E-0A98-D011-DED8A3F4D28C}.Release|Any CPU.ActiveCfg = Release|Any CPU
		{E6D5560C-099E-0A98-D011-DED8A3F4D28C}.Release|Any CPU.Build.0 = Release|Any CPU
		{1DE1EC10-5DD8-5AFD-3512-E562899BA0A6}.Debug|Any CPU.ActiveCfg = Debug|Any CPU
		{1DE1EC10-5DD8-5AFD-3512-E562899BA0A6}.Debug|Any CPU.Build.0 = Debug|Any CPU
		{1DE1EC10-5DD8-5AFD-3512-E562899BA0A6}.Release|Any CPU.ActiveCfg = Release|Any CPU
		{1DE1EC10-5DD8-5AFD-3512-E562899BA0A6}.Release|Any CPU.Build.0 = Release|Any CPU
		{2E0AC1B9-EB98-49CE-352D-E1D2AFCF8EF6}.Debug|Any CPU.ActiveCfg = Debug|Any CPU
		{2E0AC1B9-EB98-49CE-352D-E1D2AFCF8EF6}.Debug|Any CPU.Build.0 = Debug|Any CPU
		{2E0AC1B9-EB98-49CE-352D-E1D2AFCF8EF6}.Release|Any CPU.ActiveCfg = Release|Any CPU
		{2E0AC1B9-EB98-49CE-352D-E1D2AFCF8EF6}.Release|Any CPU.Build.0 = Release|Any CPU
		{BF626ADF-B27C-686D-4A09-7FFABBADBA06}.Debug|Any CPU.ActiveCfg = Debug|Any CPU
		{BF626ADF-B27C-686D-4A09-7FFABBADBA06}.Debug|Any CPU.Build.0 = Debug|Any CPU
		{BF626ADF-B27C-686D-4A09-7FFABBADBA06}.Release|Any CPU.ActiveCfg = Release|Any CPU
		{BF626ADF-B27C-686D-4A09-7FFABBADBA06}.Release|Any CPU.Build.0 = Release|Any CPU
		{5E064C63-F0DD-C968-C432-EEBDF7382BA2}.Debug|Any CPU.ActiveCfg = Debug|Any CPU
		{5E064C63-F0DD-C968-C432-EEBDF7382BA2}.Debug|Any CPU.Build.0 = Debug|Any CPU
		{5E064C63-F0DD-C968-C432-EEBDF7382BA2}.Release|Any CPU.ActiveCfg = Release|Any CPU
		{5E064C63-F0DD-C968-C432-EEBDF7382BA2}.Release|Any CPU.Build.0 = Release|Any CPU
		{D7144A17-AED4-6E13-A2BA-63C7C46CB33C}.Debug|Any CPU.ActiveCfg = Debug|Any CPU
		{D7144A17-AED4-6E13-A2BA-63C7C46CB33C}.Debug|Any CPU.Build.0 = Debug|Any CPU
		{D7144A17-AED4-6E13-A2BA-63C7C46CB33C}.Release|Any CPU.ActiveCfg = Release|Any CPU
		{D7144A17-AED4-6E13-A2BA-63C7C46CB33C}.Release|Any CPU.Build.0 = Release|Any CPU
		{CC20725F-B181-E0FA-490D-D851D42949FF}.Debug|Any CPU.ActiveCfg = Debug|Any CPU
		{CC20725F-B181-E0FA-490D-D851D42949FF}.Debug|Any CPU.Build.0 = Debug|Any CPU
		{CC20725F-B181-E0FA-490D-D851D42949FF}.Release|Any CPU.ActiveCfg = Release|Any CPU
		{CC20725F-B181-E0FA-490D-D851D42949FF}.Release|Any CPU.Build.0 = Release|Any CPU
		{524DF039-13A2-951B-0048-B6C2A60E6A5F}.Debug|Any CPU.ActiveCfg = Debug|Any CPU
		{524DF039-13A2-951B-0048-B6C2A60E6A5F}.Debug|Any CPU.Build.0 = Debug|Any CPU
		{524DF039-13A2-951B-0048-B6C2A60E6A5F}.Release|Any CPU.ActiveCfg = Release|Any CPU
		{524DF039-13A2-951B-0048-B6C2A60E6A5F}.Release|Any CPU.Build.0 = Release|Any CPU
		{F502C253-B614-5B58-BA94-3919056F6500}.Debug|Any CPU.ActiveCfg = Debug|Any CPU
		{F502C253-B614-5B58-BA94-3919056F6500}.Debug|Any CPU.Build.0 = Debug|Any CPU
		{F502C253-B614-5B58-BA94-3919056F6500}.Release|Any CPU.ActiveCfg = Release|Any CPU
		{F502C253-B614-5B58-BA94-3919056F6500}.Release|Any CPU.Build.0 = Release|Any CPU
		{D1C8F9A4-022C-F5ED-E267-9DD6F8899589}.Debug|Any CPU.ActiveCfg = Debug|Any CPU
		{D1C8F9A4-022C-F5ED-E267-9DD6F8899589}.Debug|Any CPU.Build.0 = Debug|Any CPU
		{D1C8F9A4-022C-F5ED-E267-9DD6F8899589}.Release|Any CPU.ActiveCfg = Release|Any CPU
		{D1C8F9A4-022C-F5ED-E267-9DD6F8899589}.Release|Any CPU.Build.0 = Release|Any CPU
		{89DA2CE6-54EB-D4DA-83FC-369DAA95A4D1}.Debug|Any CPU.ActiveCfg = Debug|Any CPU
		{89DA2CE6-54EB-D4DA-83FC-369DAA95A4D1}.Debug|Any CPU.Build.0 = Debug|Any CPU
		{89DA2CE6-54EB-D4DA-83FC-369DAA95A4D1}.Release|Any CPU.ActiveCfg = Release|Any CPU
		{89DA2CE6-54EB-D4DA-83FC-369DAA95A4D1}.Release|Any CPU.Build.0 = Release|Any CPU
		{9968499F-5486-AFD6-811A-FC0713FEEACA}.Debug|Any CPU.ActiveCfg = Debug|Any CPU
		{9968499F-5486-AFD6-811A-FC0713FEEACA}.Debug|Any CPU.Build.0 = Debug|Any CPU
		{9968499F-5486-AFD6-811A-FC0713FEEACA}.Release|Any CPU.ActiveCfg = Release|Any CPU
		{9968499F-5486-AFD6-811A-FC0713FEEACA}.Release|Any CPU.Build.0 = Release|Any CPU
		{7AE8BDF7-44EB-FBA7-98BE-093EA61ADA31}.Debug|Any CPU.ActiveCfg = Debug|Any CPU
		{7AE8BDF7-44EB-FBA7-98BE-093EA61ADA31}.Debug|Any CPU.Build.0 = Debug|Any CPU
		{7AE8BDF7-44EB-FBA7-98BE-093EA61ADA31}.Release|Any CPU.ActiveCfg = Release|Any CPU
		{7AE8BDF7-44EB-FBA7-98BE-093EA61ADA31}.Release|Any CPU.Build.0 = Release|Any CPU
		{FB7B0B09-ABD4-2136-3752-33E61CE75055}.Debug|Any CPU.ActiveCfg = Debug|Any CPU
		{FB7B0B09-ABD4-2136-3752-33E61CE75055}.Debug|Any CPU.Build.0 = Debug|Any CPU
		{FB7B0B09-ABD4-2136-3752-33E61CE75055}.Release|Any CPU.ActiveCfg = Release|Any CPU
		{FB7B0B09-ABD4-2136-3752-33E61CE75055}.Release|Any CPU.Build.0 = Release|Any CPU
		{EAC9645E-3902-7651-9860-082D48FEC417}.Debug|Any CPU.ActiveCfg = Debug|Any CPU
		{EAC9645E-3902-7651-9860-082D48FEC417}.Debug|Any CPU.Build.0 = Debug|Any CPU
		{EAC9645E-3902-7651-9860-082D48FEC417}.Release|Any CPU.ActiveCfg = Release|Any CPU
		{EAC9645E-3902-7651-9860-082D48FEC417}.Release|Any CPU.Build.0 = Release|Any CPU
		{6DABFE86-0E0F-6D9F-C3D8-867D64FAFEFD}.Debug|Any CPU.ActiveCfg = Debug|Any CPU
		{6DABFE86-0E0F-6D9F-C3D8-867D64FAFEFD}.Debug|Any CPU.Build.0 = Debug|Any CPU
		{6DABFE86-0E0F-6D9F-C3D8-867D64FAFEFD}.Release|Any CPU.ActiveCfg = Release|Any CPU
		{6DABFE86-0E0F-6D9F-C3D8-867D64FAFEFD}.Release|Any CPU.Build.0 = Release|Any CPU
		{27439814-EEA9-C43B-28A7-6F4BE1BE4470}.Debug|Any CPU.ActiveCfg = Debug|Any CPU
		{27439814-EEA9-C43B-28A7-6F4BE1BE4470}.Debug|Any CPU.Build.0 = Debug|Any CPU
		{27439814-EEA9-C43B-28A7-6F4BE1BE4470}.Release|Any CPU.ActiveCfg = Release|Any CPU
		{27439814-EEA9-C43B-28A7-6F4BE1BE4470}.Release|Any CPU.Build.0 = Release|Any CPU
		{EAE71C35-1F07-2B65-85B0-EC55D5514085}.Debug|Any CPU.ActiveCfg = Debug|Any CPU
		{EAE71C35-1F07-2B65-85B0-EC55D5514085}.Debug|Any CPU.Build.0 = Debug|Any CPU
		{EAE71C35-1F07-2B65-85B0-EC55D5514085}.Release|Any CPU.ActiveCfg = Release|Any CPU
		{EAE71C35-1F07-2B65-85B0-EC55D5514085}.Release|Any CPU.Build.0 = Release|Any CPU
		{FCE2EC29-B722-AB0D-CA1D-A035F914E4FF}.Debug|Any CPU.ActiveCfg = Debug|Any CPU
		{FCE2EC29-B722-AB0D-CA1D-A035F914E4FF}.Debug|Any CPU.Build.0 = Debug|Any CPU
		{FCE2EC29-B722-AB0D-CA1D-A035F914E4FF}.Release|Any CPU.ActiveCfg = Release|Any CPU
		{FCE2EC29-B722-AB0D-CA1D-A035F914E4FF}.Release|Any CPU.Build.0 = Release|Any CPU
		{835D8873-B19F-C3AE-5E73-B8D3F48D8134}.Debug|Any CPU.ActiveCfg = Debug|Any CPU
		{835D8873-B19F-C3AE-5E73-B8D3F48D8134}.Debug|Any CPU.Build.0 = Debug|Any CPU
		{835D8873-B19F-C3AE-5E73-B8D3F48D8134}.Release|Any CPU.ActiveCfg = Release|Any CPU
		{835D8873-B19F-C3AE-5E73-B8D3F48D8134}.Release|Any CPU.Build.0 = Release|Any CPU
	EndGlobalSection
	GlobalSection(SolutionProperties) = preSolution
		HideSolutionNode = FALSE
	EndGlobalSection
EndGlobal
